
Microsoft Visual Studio Solution File, Format Version 11.00
# Visual Studio 15
Project("{8BC9CEB8-8B4A-11D0-8D11-00A0C91BC942}") = "3d", "3d.vcxproj", "{13836A5E-566D-457B-8DDD-359C8B571608}"
EndProject
Project("{8BC9CEB8-8B4A-11D0-8D11-00A0C91BC942}") = "asyncio", "asyncio.vcxproj", "{58C65B26-14CB-4E14-B95B-1FA187C16BB9}"
EndProject
Project("{8BC9CEB8-8B4A-11D0-8D11-00A0C91BC942}") = "channel_groups", "channel_groups.vcxproj", "{C96392B0-7EF3-418F-A622-C9EAE9F0446F}"
EndProject
Project("{8BC9CEB8-8B4A-11D0-8D11-00A0C91BC942}") = "convolution_reverb", "convolution_reverb.vcxproj", "{CF6961AF-5D52-4653-91B7-0D4156CABDB0}"
EndProject
Project("{8BC9CEB8-8B4A-11D0-8D11-00A0C91BC942}") = "dsp_custom", "dsp_custom.vcxproj", "{AA00EC51-A85D-47B0-86AA-F139D284D04C}"
EndProject
Project("{8BC9CEB8-8B4A-11D0-8D11-00A0C91BC942}") = "dsp_effect_per_speaker", "dsp_effect_per_speaker.vcxproj", "{1711D39D-1E31-40CE-8E5D-FF4769B8903F}"
EndProject
Project("{8BC9CEB8-8B4A-11D0-8D11-00A0C91BC942}") = "dsp_inspector", "dsp_inspector.vcxproj", "{153C1850-EAD2-4A51-96F7-D1C81C1CF026}"
EndProject
Project("{8BC9CEB8-8B4A-11D0-8D11-00A0C91BC942}") = "effects", "effects.vcxproj", "{3933001D-BEA7-4669-B48C-07540DD675D4}"
EndProject
Project("{8BC9CEB8-8B4A-11D0-8D11-00A0C91BC942}") = "gapless_playback", "gapless_playback.vcxproj", "{8AF66D67-D079-4353-98F5-36DC6FC40545}"
EndProject
Project("{8BC9CEB8-8B4A-11D0-8D11-00A0C91BC942}") = "generate_tone", "generate_tone.vcxproj", "{93E155E9-06CB-4471-8531-4C3373A46012}"
EndProject
Project("{8BC9CEB8-8B4A-11D0-8D11-00A0C91BC942}") = "granular_synth", "granular_synth.vcxproj", "{CFEE0718-70C1-46CA-A0F0-C6B80C7C80D1}"
EndProject
Project("{8BC9CEB8-8B4A-11D0-8D11-00A0C91BC942}") = "load_from_memory", "load_from_memory.vcxproj", "{B7B570C4-A78F-43BB-8244-9322F42F19C7}"
EndProject
Project("{8BC9CEB8-8B4A-11D0-8D11-00A0C91BC942}") = "multiple_speaker", "multiple_speaker.vcxproj", "{353FE944-E655-4A47-AA3D-9BBFD0A8AA1B}"
EndProject
Project("{8BC9CEB8-8B4A-11D0-8D11-00A0C91BC942}") = "multiple_system", "multiple_system.vcxproj", "{F216803D-59D9-4F58-A26E-2F8E180E869F}"
EndProject
Project("{8BC9CEB8-8B4A-11D0-8D11-00A0C91BC942}") = "net_stream", "net_stream.vcxproj", "{CF1E38C7-782B-47C2-A031-21DABCD864AE}"
EndProject
Project("{8BC9CEB8-8B4A-11D0-8D11-00A0C91BC942}") = "play_sound", "play_sound.vcxproj", "{3C897E90-8105-48A9-B2CF-BF9C83CAF569}"
EndProject
Project("{8BC9CEB8-8B4A-11D0-8D11-00A0C91BC942}") = "play_stream", "play_stream.vcxproj", "{1DA7F0E5-1CF2-41B5-8D08-010342ED88CE}"
EndProject
Project("{8BC9CEB8-8B4A-11D0-8D11-00A0C91BC942}") = "record", "record.vcxproj", "{84C6A65F-0602-4872-83FE-01C60D7E7A1F}"
EndProject
Project("{8BC9CEB8-8B4A-11D0-8D11-00A0C91BC942}") = "record_enumeration", "record_enumeration.vcxproj", "{2C2AF7D5-055A-4C8A-946D-EC76747A84E9}"
EndProject
Project("{8BC9CEB8-8B4A-11D0-8D11-00A0C91BC942}") = "user_created_sound", "user_created_sound.vcxproj", "{6F047BAC-51D1-414A-91A4-9969A518D44E}"
EndProject
Project("{8BC9CEB8-8B4A-11D0-8D11-00A0C91BC942}") = "fmod_codec_raw", "fmod_codec_raw.vcxproj", "{542E41AD-A9E1-4A46-AE6F-EF246841BE30}"
EndProject
Project("{8BC9CEB8-8B4A-11D0-8D11-00A0C91BC942}") = "fmod_distance_filter", "fmod_distance_filter.vcxproj", "{FF89CB8F-9D31-42B8-AF09-6E204B4F29DE}"
EndProject
Project("{8BC9CEB8-8B4A-11D0-8D11-00A0C91BC942}") = "fmod_gain", "fmod_gain.vcxproj", "{6CA17822-E63A-43A5-B0C7-175A6ED2B0E3}"
EndProject
Project("{8BC9CEB8-8B4A-11D0-8D11-00A0C91BC942}") = "fmod_noise", "fmod_noise.vcxproj", "{DC97FE19-122E-46CA-94C6-E5D1596D5F74}"
EndProject
Project("{8BC9CEB8-8B4A-11D0-8D11-00A0C91BC942}") = "output_mp3", "output_mp3.vcxproj", "{F5224286-8D88-4353-91E4-234D3817AC87}"
EndProject
Global
	GlobalSection(SolutionConfigurationPlatforms) = preSolution
		Debug|Win32 = Debug|Win32
		Debug|x64 = Debug|x64
		Release|Win32 = Release|Win32
		Release|x64 = Release|x64
	EndGlobalSection
	GlobalSection(ProjectConfigurationPlatforms) = postSolution
		{13836A5E-566D-457B-8DDD-359C8B571608}.Debug|Win32.ActiveCfg = Debug|Win32
		{13836A5E-566D-457B-8DDD-359C8B571608}.Debug|Win32.Build.0 = Debug|Win32
		{13836A5E-566D-457B-8DDD-359C8B571608}.Debug|Win32.Deploy.0 = Debug|Win32
		{13836A5E-566D-457B-8DDD-359C8B571608}.Debug|x64.ActiveCfg = Debug|x64
		{13836A5E-566D-457B-8DDD-359C8B571608}.Debug|x64.Build.0 = Debug|x64
		{13836A5E-566D-457B-8DDD-359C8B571608}.Debug|x64.Deploy.0 = Debug|x64
		{13836A5E-566D-457B-8DDD-359C8B571608}.Release|Win32.ActiveCfg = Release|Win32
		{13836A5E-566D-457B-8DDD-359C8B571608}.Release|Win32.Build.0 = Release|Win32
		{13836A5E-566D-457B-8DDD-359C8B571608}.Release|Win32.Deploy.0 = Release|Win32
		{13836A5E-566D-457B-8DDD-359C8B571608}.Release|x64.ActiveCfg = Release|x64
		{13836A5E-566D-457B-8DDD-359C8B571608}.Release|x64.Build.0 = Release|x64
		{13836A5E-566D-457B-8DDD-359C8B571608}.Release|x64.Deploy.0 = Release|x64
		{58C65B26-14CB-4E14-B95B-1FA187C16BB9}.Debug|Win32.ActiveCfg = Debug|Win32
		{58C65B26-14CB-4E14-B95B-1FA187C16BB9}.Debug|Win32.Build.0 = Debug|Win32
		{58C65B26-14CB-4E14-B95B-1FA187C16BB9}.Debug|Win32.Deploy.0 = Debug|Win32
		{58C65B26-14CB-4E14-B95B-1FA187C16BB9}.Debug|x64.ActiveCfg = Debug|x64
		{58C65B26-14CB-4E14-B95B-1FA187C16BB9}.Debug|x64.Build.0 = Debug|x64
		{58C65B26-14CB-4E14-B95B-1FA187C16BB9}.Debug|x64.Deploy.0 = Debug|x64
		{58C65B26-14CB-4E14-B95B-1FA187C16BB9}.Release|Win32.ActiveCfg = Release|Win32
		{58C65B26-14CB-4E14-B95B-1FA187C16BB9}.Release|Win32.Build.0 = Release|Win32
		{58C65B26-14CB-4E14-B95B-1FA187C16BB9}.Release|Win32.Deploy.0 = Release|Win32
		{58C65B26-14CB-4E14-B95B-1FA187C16BB9}.Release|x64.ActiveCfg = Release|x64
		{58C65B26-14CB-4E14-B95B-1FA187C16BB9}.Release|x64.Build.0 = Release|x64
		{58C65B26-14CB-4E14-B95B-1FA187C16BB9}.Release|x64.Deploy.0 = Release|x64
		{C96392B0-7EF3-418F-A622-C9EAE9F0446F}.Debug|Win32.ActiveCfg = Debug|Win32
		{C96392B0-7EF3-418F-A622-C9EAE9F0446F}.Debug|Win32.Build.0 = Debug|Win32
		{C96392B0-7EF3-418F-A622-C9EAE9F0446F}.Debug|Win32.Deploy.0 = Debug|Win32
		{C96392B0-7EF3-418F-A622-C9EAE9F0446F}.Debug|x64.ActiveCfg = Debug|x64
		{C96392B0-7EF3-418F-A622-C9EAE9F0446F}.Debug|x64.Build.0 = Debug|x64
		{C96392B0-7EF3-418F-A622-C9EAE9F0446F}.Debug|x64.Deploy.0 = Debug|x64
		{C96392B0-7EF3-418F-A622-C9EAE9F0446F}.Release|Win32.ActiveCfg = Release|Win32
		{C96392B0-7EF3-418F-A622-C9EAE9F0446F}.Release|Win32.Build.0 = Release|Win32
		{C96392B0-7EF3-418F-A622-C9EAE9F0446F}.Release|Win32.Deploy.0 = Release|Win32
		{C96392B0-7EF3-418F-A622-C9EAE9F0446F}.Release|x64.ActiveCfg = Release|x64
		{C96392B0-7EF3-418F-A622-C9EAE9F0446F}.Release|x64.Build.0 = Release|x64
		{C96392B0-7EF3-418F-A622-C9EAE9F0446F}.Release|x64.Deploy.0 = Release|x64
		{CF6961AF-5D52-4653-91B7-0D4156CABDB0}.Debug|Win32.ActiveCfg = Debug|Win32
		{CF6961AF-5D52-4653-91B7-0D4156CABDB0}.Debug|Win32.Build.0 = Debug|Win32
		{CF6961AF-5D52-4653-91B7-0D4156CABDB0}.Debug|Win32.Deploy.0 = Debug|Win32
		{CF6961AF-5D52-4653-91B7-0D4156CABDB0}.Debug|x64.ActiveCfg = Debug|x64
		{CF6961AF-5D52-4653-91B7-0D4156CABDB0}.Debug|x64.Build.0 = Debug|x64
		{CF6961AF-5D52-4653-91B7-0D4156CABDB0}.Debug|x64.Deploy.0 = Debug|x64
		{CF6961AF-5D52-4653-91B7-0D4156CABDB0}.Release|Win32.ActiveCfg = Release|Win32
		{CF6961AF-5D52-4653-91B7-0D4156CABDB0}.Release|Win32.Build.0 = Release|Win32
		{CF6961AF-5D52-4653-91B7-0D4156CABDB0}.Release|Win32.Deploy.0 = Release|Win32
		{CF6961AF-5D52-4653-91B7-0D4156CABDB0}.Release|x64.ActiveCfg = Release|x64
		{CF6961AF-5D52-4653-91B7-0D4156CABDB0}.Release|x64.Build.0 = Release|x64
		{CF6961AF-5D52-4653-91B7-0D4156CABDB0}.Release|x64.Deploy.0 = Release|x64
		{AA00EC51-A85D-47B0-86AA-F139D284D04C}.Debug|Win32.ActiveCfg = Debug|Win32
		{AA00EC51-A85D-47B0-86AA-F139D284D04C}.Debug|Win32.Build.0 = Debug|Win32
		{AA00EC51-A85D-47B0-86AA-F139D284D04C}.Debug|Win32.Deploy.0 = Debug|Win32
		{AA00EC51-A85D-47B0-86AA-F139D284D04C}.Debug|x64.ActiveCfg = Debug|x64
		{AA00EC51-A85D-47B0-86AA-F139D284D04C}.Debug|x64.Build.0 = Debug|x64
		{AA00EC51-A85D-47B0-86AA-F139D284D04C}.Debug|x64.Deploy.0 = Debug|x64
		{AA00EC51-A85D-47B0-86AA-F139D284D04C}.Release|Win32.ActiveCfg = Release|Win32
		{AA00EC51-A85D-47B0-86AA-F139D284D04C}.Release|Win32.Build.0 = Release|Win32
		{AA00EC51-A85D-47B0-86AA-F139D284D04C}.Release|Win32.Deploy.0 = Release|Win32
		{AA00EC51-A85D-47B0-86AA-F139D284D04C}.Release|x64.ActiveCfg = Release|x64
		{AA00EC51-A85D-47B0-86AA-F139D284D04C}.Release|x64.Build.0 = Release|x64
		{AA00EC51-A85D-47B0-86AA-F139D284D04C}.Release|x64.Deploy.0 = Release|x64
		{1711D39D-1E31-40CE-8E5D-FF4769B8903F}.Debug|Win32.ActiveCfg = Debug|Win32
		{1711D39D-1E31-40CE-8E5D-FF4769B8903F}.Debug|Win32.Build.0 = Debug|Win32
		{1711D39D-1E31-40CE-8E5D-FF4769B8903F}.Debug|Win32.Deploy.0 = Debug|Win32
		{1711D39D-1E31-40CE-8E5D-FF4769B8903F}.Debug|x64.ActiveCfg = Debug|x64
		{1711D39D-1E31-40CE-8E5D-FF4769B8903F}.Debug|x64.Build.0 = Debug|x64
		{1711D39D-1E31-40CE-8E5D-FF4769B8903F}.Debug|x64.Deploy.0 = Debug|x64
		{1711D39D-1E31-40CE-8E5D-FF4769B8903F}.Release|Win32.ActiveCfg = Release|Win32
		{1711D39D-1E31-40CE-8E5D-FF4769B8903F}.Release|Win32.Build.0 = Release|Win32
		{1711D39D-1E31-40CE-8E5D-FF4769B8903F}.Release|Win32.Deploy.0 = Release|Win32
		{1711D39D-1E31-40CE-8E5D-FF4769B8903F}.Release|x64.ActiveCfg = Release|x64
		{1711D39D-1E31-40CE-8E5D-FF4769B8903F}.Release|x64.Build.0 = Release|x64
		{1711D39D-1E31-40CE-8E5D-FF4769B8903F}.Release|x64.Deploy.0 = Release|x64
		{153C1850-EAD2-4A51-96F7-D1C81C1CF026}.Debug|Win32.ActiveCfg = Debug|Win32
		{153C1850-EAD2-4A51-96F7-D1C81C1CF026}.Debug|Win32.Build.0 = Debug|Win32
		{153C1850-EAD2-4A51-96F7-D1C81C1CF026}.Debug|Win32.Deploy.0 = Debug|Win32
		{153C1850-EAD2-4A51-96F7-D1C81C1CF026}.Debug|x64.ActiveCfg = Debug|x64
		{153C1850-EAD2-4A51-96F7-D1C81C1CF026}.Debug|x64.Build.0 = Debug|x64
		{153C1850-EAD2-4A51-96F7-D1C81C1CF026}.Debug|x64.Deploy.0 = Debug|x64
		{153C1850-EAD2-4A51-96F7-D1C81C1CF026}.Release|Win32.ActiveCfg = Release|Win32
		{153C1850-EAD2-4A51-96F7-D1C81C1CF026}.Release|Win32.Build.0 = Release|Win32
		{153C1850-EAD2-4A51-96F7-D1C81C1CF026}.Release|Win32.Deploy.0 = Release|Win32
		{153C1850-EAD2-4A51-96F7-D1C81C1CF026}.Release|x64.ActiveCfg = Release|x64
		{153C1850-EAD2-4A51-96F7-D1C81C1CF026}.Release|x64.Build.0 = Release|x64
		{153C1850-EAD2-4A51-96F7-D1C81C1CF026}.Release|x64.Deploy.0 = Release|x64
		{3933001D-BEA7-4669-B48C-07540DD675D4}.Debug|Win32.ActiveCfg = Debug|Win32
		{3933001D-BEA7-4669-B48C-07540DD675D4}.Debug|Win32.Build.0 = Debug|Win32
		{3933001D-BEA7-4669-B48C-07540DD675D4}.Debug|Win32.Deploy.0 = Debug|Win32
		{3933001D-BEA7-4669-B48C-07540DD675D4}.Debug|x64.ActiveCfg = Debug|x64
		{3933001D-BEA7-4669-B48C-07540DD675D4}.Debug|x64.Build.0 = Debug|x64
		{3933001D-BEA7-4669-B48C-07540DD675D4}.Debug|x64.Deploy.0 = Debug|x64
		{3933001D-BEA7-4669-B48C-07540DD675D4}.Release|Win32.ActiveCfg = Release|Win32
		{3933001D-BEA7-4669-B48C-07540DD675D4}.Release|Win32.Build.0 = Release|Win32
		{3933001D-BEA7-4669-B48C-07540DD675D4}.Release|Win32.Deploy.0 = Release|Win32
		{3933001D-BEA7-4669-B48C-07540DD675D4}.Release|x64.ActiveCfg = Release|x64
		{3933001D-BEA7-4669-B48C-07540DD675D4}.Release|x64.Build.0 = Release|x64
		{3933001D-BEA7-4669-B48C-07540DD675D4}.Release|x64.Deploy.0 = Release|x64
		{8AF66D67-D079-4353-98F5-36DC6FC40545}.Debug|Win32.ActiveCfg = Debug|Win32
		{8AF66D67-D079-4353-98F5-36DC6FC40545}.Debug|Win32.Build.0 = Debug|Win32
		{8AF66D67-D079-4353-98F5-36DC6FC40545}.Debug|Win32.Deploy.0 = Debug|Win32
		{8AF66D67-D079-4353-98F5-36DC6FC40545}.Debug|x64.ActiveCfg = Debug|x64
		{8AF66D67-D079-4353-98F5-36DC6FC40545}.Debug|x64.Build.0 = Debug|x64
		{8AF66D67-D079-4353-98F5-36DC6FC40545}.Debug|x64.Deploy.0 = Debug|x64
		{8AF66D67-D079-4353-98F5-36DC6FC40545}.Release|Win32.ActiveCfg = Release|Win32
		{8AF66D67-D079-4353-98F5-36DC6FC40545}.Release|Win32.Build.0 = Release|Win32
		{8AF66D67-D079-4353-98F5-36DC6FC40545}.Release|Win32.Deploy.0 = Release|Win32
		{8AF66D67-D079-4353-98F5-36DC6FC40545}.Release|x64.ActiveCfg = Release|x64
		{8AF66D67-D079-4353-98F5-36DC6FC40545}.Release|x64.Build.0 = Release|x64
		{8AF66D67-D079-4353-98F5-36DC6FC40545}.Release|x64.Deploy.0 = Release|x64
		{93E155E9-06CB-4471-8531-4C3373A46012}.Debug|Win32.ActiveCfg = Debug|Win32
		{93E155E9-06CB-4471-8531-4C3373A46012}.Debug|Win32.Build.0 = Debug|Win32
		{93E155E9-06CB-4471-8531-4C3373A46012}.Debug|Win32.Deploy.0 = Debug|Win32
		{93E155E9-06CB-4471-8531-4C3373A46012}.Debug|x64.ActiveCfg = Debug|x64
		{93E155E9-06CB-4471-8531-4C3373A46012}.Debug|x64.Build.0 = Debug|x64
		{93E155E9-06CB-4471-8531-4C3373A46012}.Debug|x64.Deploy.0 = Debug|x64
		{93E155E9-06CB-4471-8531-4C3373A46012}.Release|Win32.ActiveCfg = Release|Win32
		{93E155E9-06CB-4471-8531-4C3373A46012}.Release|Win32.Build.0 = Release|Win32
		{93E155E9-06CB-4471-8531-4C3373A46012}.Release|Win32.Deploy.0 = Release|Win32
		{93E155E9-06CB-4471-8531-4C3373A46012}.Release|x64.ActiveCfg = Release|x64
		{93E155E9-06CB-4471-8531-4C3373A46012}.Release|x64.Build.0 = Release|x64
		{93E155E9-06CB-4471-8531-4C3373A46012}.Release|x64.Deploy.0 = Release|x64
		{CFEE0718-70C1-46CA-A0F0-C6B80C7C80D1}.Debug|Win32.ActiveCfg = Debug|Win32
		{CFEE0718-70C1-46CA-A0F0-C6B80C7C80D1}.Debug|Win32.Build.0 = Debug|Win32
		{CFEE0718-70C1-46CA-A0F0-C6B80C7C80D1}.Debug|Win32.Deploy.0 = Debug|Win32
		{CFEE0718-70C1-46CA-A0F0-C6B80C7C80D1}.Debug|x64.ActiveCfg = Debug|x64
		{CFEE0718-70C1-46CA-A0F0-C6B80C7C80D1}.Debug|x64.Build.0 = Debug|x64
		{CFEE0718-70C1-46CA-A0F0-C6B80C7C80D1}.Debug|x64.Deploy.0 = Debug|x64
		{CFEE0718-70C1-46CA-A0F0-C6B80C7C80D1}.Release|Win32.ActiveCfg = Release|Win32
		{CFEE0718-70C1-46CA-A0F0-C6B80C7C80D1}.Release|Win32.Build.0 = Release|Win32
		{CFEE0718-70C1-46CA-A0F0-C6B80C7C80D1}.Release|Win32.Deploy.0 = Release|Win32
		{CFEE0718-70C1-46CA-A0F0-C6B80C7C80D1}.Release|x64.ActiveCfg = Release|x64
		{CFEE0718-70C1-46CA-A0F0-C6B80C7C80D1}.Release|x64.Build.0 = Release|x64
		{CFEE0718-70C1-46CA-A0F0-C6B80C7C80D1}.Release|x64.Deploy.0 = Release|x64
		{B7B570C4-A78F-43BB-8244-9322F42F19C7}.Debug|Win32.ActiveCfg = Debug|Win32
		{B7B570C4-A78F-43BB-8244-9322F42F19C7}.Debug|Win32.Build.0 = Debug|Win32
		{B7B570C4-A78F-43BB-8244-9322F42F19C7}.Debug|Win32.Deploy.0 = Debug|Win32
		{B7B570C4-A78F-43BB-8244-9322F42F19C7}.Debug|x64.ActiveCfg = Debug|x64
		{B7B570C4-A78F-43BB-8244-9322F42F19C7}.Debug|x64.Build.0 = Debug|x64
		{B7B570C4-A78F-43BB-8244-9322F42F19C7}.Debug|x64.Deploy.0 = Debug|x64
		{B7B570C4-A78F-43BB-8244-9322F42F19C7}.Release|Win32.ActiveCfg = Release|Win32
		{B7B570C4-A78F-43BB-8244-9322F42F19C7}.Release|Win32.Build.0 = Release|Win32
		{B7B570C4-A78F-43BB-8244-9322F42F19C7}.Release|Win32.Deploy.0 = Release|Win32
		{B7B570C4-A78F-43BB-8244-9322F42F19C7}.Release|x64.ActiveCfg = Release|x64
		{B7B570C4-A78F-43BB-8244-9322F42F19C7}.Release|x64.Build.0 = Release|x64
		{B7B570C4-A78F-43BB-8244-9322F42F19C7}.Release|x64.Deploy.0 = Release|x64
		{353FE944-E655-4A47-AA3D-9BBFD0A8AA1B}.Debug|Win32.ActiveCfg = Debug|Win32
		{353FE944-E655-4A47-AA3D-9BBFD0A8AA1B}.Debug|Win32.Build.0 = Debug|Win32
		{353FE944-E655-4A47-AA3D-9BBFD0A8AA1B}.Debug|Win32.Deploy.0 = Debug|Win32
		{353FE944-E655-4A47-AA3D-9BBFD0A8AA1B}.Debug|x64.ActiveCfg = Debug|x64
		{353FE944-E655-4A47-AA3D-9BBFD0A8AA1B}.Debug|x64.Build.0 = Debug|x64
		{353FE944-E655-4A47-AA3D-9BBFD0A8AA1B}.Debug|x64.Deploy.0 = Debug|x64
		{353FE944-E655-4A47-AA3D-9BBFD0A8AA1B}.Release|Win32.ActiveCfg = Release|Win32
		{353FE944-E655-4A47-AA3D-9BBFD0A8AA1B}.Release|Win32.Build.0 = Release|Win32
		{353FE944-E655-4A47-AA3D-9BBFD0A8AA1B}.Release|Win32.Deploy.0 = Release|Win32
		{353FE944-E655-4A47-AA3D-9BBFD0A8AA1B}.Release|x64.ActiveCfg = Release|x64
		{353FE944-E655-4A47-AA3D-9BBFD0A8AA1B}.Release|x64.Build.0 = Release|x64
		{353FE944-E655-4A47-AA3D-9BBFD0A8AA1B}.Release|x64.Deploy.0 = Release|x64
		{F216803D-59D9-4F58-A26E-2F8E180E869F}.Debug|Win32.ActiveCfg = Debug|Win32
		{F216803D-59D9-4F58-A26E-2F8E180E869F}.Debug|Win32.Build.0 = Debug|Win32
		{F216803D-59D9-4F58-A26E-2F8E180E869F}.Debug|Win32.Deploy.0 = Debug|Win32
		{F216803D-59D9-4F58-A26E-2F8E180E869F}.Debug|x64.ActiveCfg = Debug|x64
		{F216803D-59D9-4F58-A26E-2F8E180E869F}.Debug|x64.Build.0 = Debug|x64
		{F216803D-59D9-4F58-A26E-2F8E180E869F}.Debug|x64.Deploy.0 = Debug|x64
		{F216803D-59D9-4F58-A26E-2F8E180E869F}.Release|Win32.ActiveCfg = Release|Win32
		{F216803D-59D9-4F58-A26E-2F8E180E869F}.Release|Win32.Build.0 = Release|Win32
		{F216803D-59D9-4F58-A26E-2F8E180E869F}.Release|Win32.Deploy.0 = Release|Win32
		{F216803D-59D9-4F58-A26E-2F8E180E869F}.Release|x64.ActiveCfg = Release|x64
		{F216803D-59D9-4F58-A26E-2F8E180E869F}.Release|x64.Build.0 = Release|x64
		{F216803D-59D9-4F58-A26E-2F8E180E869F}.Release|x64.Deploy.0 = Release|x64
		{CF1E38C7-782B-47C2-A031-21DABCD864AE}.Debug|Win32.ActiveCfg = Debug|Win32
		{CF1E38C7-782B-47C2-A031-21DABCD864AE}.Debug|Win32.Build.0 = Debug|Win32
		{CF1E38C7-782B-47C2-A031-21DABCD864AE}.Debug|Win32.Deploy.0 = Debug|Win32
		{CF1E38C7-782B-47C2-A031-21DABCD864AE}.Debug|x64.ActiveCfg = Debug|x64
		{CF1E38C7-782B-47C2-A031-21DABCD864AE}.Debug|x64.Build.0 = Debug|x64
		{CF1E38C7-782B-47C2-A031-21DABCD864AE}.Debug|x64.Deploy.0 = Debug|x64
		{CF1E38C7-782B-47C2-A031-21DABCD864AE}.Release|Win32.ActiveCfg = Release|Win32
		{CF1E38C7-782B-47C2-A031-21DABCD864AE}.Release|Win32.Build.0 = Release|Win32
		{CF1E38C7-782B-47C2-A031-21DABCD864AE}.Release|Win32.Deploy.0 = Release|Win32
		{CF1E38C7-782B-47C2-A031-21DABCD864AE}.Release|x64.ActiveCfg = Release|x64
		{CF1E38C7-782B-47C2-A031-21DABCD864AE}.Release|x64.Build.0 = Release|x64
		{CF1E38C7-782B-47C2-A031-21DABCD864AE}.Release|x64.Deploy.0 = Release|x64
		{3C897E90-8105-48A9-B2CF-BF9C83CAF569}.Debug|Win32.ActiveCfg = Debug|Win32
		{3C897E90-8105-48A9-B2CF-BF9C83CAF569}.Debug|Win32.Build.0 = Debug|Win32
		{3C897E90-8105-48A9-B2CF-BF9C83CAF569}.Debug|Win32.Deploy.0 = Debug|Win32
		{3C897E90-8105-48A9-B2CF-BF9C83CAF569}.Debug|x64.ActiveCfg = Debug|x64
		{3C897E90-8105-48A9-B2CF-BF9C83CAF569}.Debug|x64.Build.0 = Debug|x64
		{3C897E90-8105-48A9-B2CF-BF9C83CAF569}.Debug|x64.Deploy.0 = Debug|x64
		{3C897E90-8105-48A9-B2CF-BF9C83CAF569}.Release|Win32.ActiveCfg = Release|Win32
		{3C897E90-8105-48A9-B2CF-BF9C83CAF569}.Release|Win32.Build.0 = Release|Win32
		{3C897E90-8105-48A9-B2CF-BF9C83CAF569}.Release|Win32.Deploy.0 = Release|Win32
		{3C897E90-8105-48A9-B2CF-BF9C83CAF569}.Release|x64.ActiveCfg = Release|x64
		{3C897E90-8105-48A9-B2CF-BF9C83CAF569}.Release|x64.Build.0 = Release|x64
		{3C897E90-8105-48A9-B2CF-BF9C83CAF569}.Release|x64.Deploy.0 = Release|x64
		{1DA7F0E5-1CF2-41B5-8D08-010342ED88CE}.Debug|Win32.ActiveCfg = Debug|Win32
		{1DA7F0E5-1CF2-41B5-8D08-010342ED88CE}.Debug|Win32.Build.0 = Debug|Win32
		{1DA7F0E5-1CF2-41B5-8D08-010342ED88CE}.Debug|Win32.Deploy.0 = Debug|Win32
		{1DA7F0E5-1CF2-41B5-8D08-010342ED88CE}.Debug|x64.ActiveCfg = Debug|x64
		{1DA7F0E5-1CF2-41B5-8D08-010342ED88CE}.Debug|x64.Build.0 = Debug|x64
		{1DA7F0E5-1CF2-41B5-8D08-010342ED88CE}.Debug|x64.Deploy.0 = Debug|x64
		{1DA7F0E5-1CF2-41B5-8D08-010342ED88CE}.Release|Win32.ActiveCfg = Release|Win32
		{1DA7F0E5-1CF2-41B5-8D08-010342ED88CE}.Release|Win32.Build.0 = Release|Win32
		{1DA7F0E5-1CF2-41B5-8D08-010342ED88CE}.Release|Win32.Deploy.0 = Release|Win32
		{1DA7F0E5-1CF2-41B5-8D08-010342ED88CE}.Release|x64.ActiveCfg = Release|x64
		{1DA7F0E5-1CF2-41B5-8D08-010342ED88CE}.Release|x64.Build.0 = Release|x64
		{1DA7F0E5-1CF2-41B5-8D08-010342ED88CE}.Release|x64.Deploy.0 = Release|x64
		{84C6A65F-0602-4872-83FE-01C60D7E7A1F}.Debug|Win32.ActiveCfg = Debug|Win32
		{84C6A65F-0602-4872-83FE-01C60D7E7A1F}.Debug|Win32.Build.0 = Debug|Win32
		{84C6A65F-0602-4872-83FE-01C60D7E7A1F}.Debug|Win32.Deploy.0 = Debug|Win32
		{84C6A65F-0602-4872-83FE-01C60D7E7A1F}.Debug|x64.ActiveCfg = Debug|x64
		{84C6A65F-0602-4872-83FE-01C60D7E7A1F}.Debug|x64.Build.0 = Debug|x64
		{84C6A65F-0602-4872-83FE-01C60D7E7A1F}.Debug|x64.Deploy.0 = Debug|x64
		{84C6A65F-0602-4872-83FE-01C60D7E7A1F}.Release|Win32.ActiveCfg = Release|Win32
		{84C6A65F-0602-4872-83FE-01C60D7E7A1F}.Release|Win32.Build.0 = Release|Win32
		{84C6A65F-0602-4872-83FE-01C60D7E7A1F}.Release|Win32.Deploy.0 = Release|Win32
		{84C6A65F-0602-4872-83FE-01C60D7E7A1F}.Release|x64.ActiveCfg = Release|x64
		{84C6A65F-0602-4872-83FE-01C60D7E7A1F}.Release|x64.Build.0 = Release|x64
		{84C6A65F-0602-4872-83FE-01C60D7E7A1F}.Release|x64.Deploy.0 = Release|x64
		{2C2AF7D5-055A-4C8A-946D-EC76747A84E9}.Debug|Win32.ActiveCfg = Debug|Win32
		{2C2AF7D5-055A-4C8A-946D-EC76747A84E9}.Debug|Win32.Build.0 = Debug|Win32
		{2C2AF7D5-055A-4C8A-946D-EC76747A84E9}.Debug|Win32.Deploy.0 = Debug|Win32
		{2C2AF7D5-055A-4C8A-946D-EC76747A84E9}.Debug|x64.ActiveCfg = Debug|x64
		{2C2AF7D5-055A-4C8A-946D-EC76747A84E9}.Debug|x64.Build.0 = Debug|x64
		{2C2AF7D5-055A-4C8A-946D-EC76747A84E9}.Debug|x64.Deploy.0 = Debug|x64
		{2C2AF7D5-055A-4C8A-946D-EC76747A84E9}.Release|Win32.ActiveCfg = Release|Win32
		{2C2AF7D5-055A-4C8A-946D-EC76747A84E9}.Release|Win32.Build.0 = Release|Win32
		{2C2AF7D5-055A-4C8A-946D-EC76747A84E9}.Release|Win32.Deploy.0 = Release|Win32
		{2C2AF7D5-055A-4C8A-946D-EC76747A84E9}.Release|x64.ActiveCfg = Release|x64
		{2C2AF7D5-055A-4C8A-946D-EC76747A84E9}.Release|x64.Build.0 = Release|x64
		{2C2AF7D5-055A-4C8A-946D-EC76747A84E9}.Release|x64.Deploy.0 = Release|x64
		{6F047BAC-51D1-414A-91A4-9969A518D44E}.Debug|Win32.ActiveCfg = Debug|Win32
		{6F047BAC-51D1-414A-91A4-9969A518D44E}.Debug|Win32.Build.0 = Debug|Win32
		{6F047BAC-51D1-414A-91A4-9969A518D44E}.Debug|Win32.Deploy.0 = Debug|Win32
		{6F047BAC-51D1-414A-91A4-9969A518D44E}.Debug|x64.ActiveCfg = Debug|x64
		{6F047BAC-51D1-414A-91A4-9969A518D44E}.Debug|x64.Build.0 = Debug|x64
		{6F047BAC-51D1-414A-91A4-9969A518D44E}.Debug|x64.Deploy.0 = Debug|x64
		{6F047BAC-51D1-414A-91A4-9969A518D44E}.Release|Win32.ActiveCfg = Release|Win32
		{6F047BAC-51D1-414A-91A4-9969A518D44E}.Release|Win32.Build.0 = Release|Win32
		{6F047BAC-51D1-414A-91A4-9969A518D44E}.Release|Win32.Deploy.0 = Release|Win32
		{6F047BAC-51D1-414A-91A4-9969A518D44E}.Release|x64.ActiveCfg = Release|x64
		{6F047BAC-51D1-414A-91A4-9969A518D44E}.Release|x64.Build.0 = Release|x64
		{6F047BAC-51D1-414A-91A4-9969A518D44E}.Release|x64.Deploy.0 = Release|x64
		{542E41AD-A9E1-4A46-AE6F-EF246841BE30}.Debug|Win32.ActiveCfg = Debug|Win32
		{542E41AD-A9E1-4A46-AE6F-EF246841BE30}.Debug|Win32.Build.0 = Debug|Win32
		{542E41AD-A9E1-4A46-AE6F-EF246841BE30}.Debug|Win32.Deploy.0 = Debug|Win32
		{542E41AD-A9E1-4A46-AE6F-EF246841BE30}.Debug|x64.ActiveCfg = Debug|x64
		{542E41AD-A9E1-4A46-AE6F-EF246841BE30}.Debug|x64.Build.0 = Debug|x64
		{542E41AD-A9E1-4A46-AE6F-EF246841BE30}.Debug|x64.Deploy.0 = Debug|x64
		{542E41AD-A9E1-4A46-AE6F-EF246841BE30}.Release|Win32.ActiveCfg = Release|Win32
		{542E41AD-A9E1-4A46-AE6F-EF246841BE30}.Release|Win32.Build.0 = Release|Win32
		{542E41AD-A9E1-4A46-AE6F-EF246841BE30}.Release|Win32.Deploy.0 = Release|Win32
		{542E41AD-A9E1-4A46-AE6F-EF246841BE30}.Release|x64.ActiveCfg = Release|x64
		{542E41AD-A9E1-4A46-AE6F-EF246841BE30}.Release|x64.Build.0 = Release|x64
		{542E41AD-A9E1-4A46-AE6F-EF246841BE30}.Release|x64.Deploy.0 = Release|x64
		{FF89CB8F-9D31-42B8-AF09-6E204B4F29DE}.Debug|Win32.ActiveCfg = Debug|Win32
		{FF89CB8F-9D31-42B8-AF09-6E204B4F29DE}.Debug|Win32.Build.0 = Debug|Win32
		{FF89CB8F-9D31-42B8-AF09-6E204B4F29DE}.Debug|Win32.Deploy.0 = Debug|Win32
		{FF89CB8F-9D31-42B8-AF09-6E204B4F29DE}.Debug|x64.ActiveCfg = Debug|x64
		{FF89CB8F-9D31-42B8-AF09-6E204B4F29DE}.Debug|x64.Build.0 = Debug|x64
		{FF89CB8F-9D31-42B8-AF09-6E204B4F29DE}.Debug|x64.Deploy.0 = Debug|x64
		{FF89CB8F-9D31-42B8-AF09-6E204B4F29DE}.Release|Win32.ActiveCfg = Release|Win32
		{FF89CB8F-9D31-42B8-AF09-6E204B4F29DE}.Release|Win32.Build.0 = Release|Win32
		{FF89CB8F-9D31-42B8-AF09-6E204B4F29DE}.Release|Win32.Deploy.0 = Release|Win32
		{FF89CB8F-9D31-42B8-AF09-6E204B4F29DE}.Release|x64.ActiveCfg = Release|x64
		{FF89CB8F-9D31-42B8-AF09-6E204B4F29DE}.Release|x64.Build.0 = Release|x64
		{FF89CB8F-9D31-42B8-AF09-6E204B4F29DE}.Release|x64.Deploy.0 = Release|x64
		{6CA17822-E63A-43A5-B0C7-175A6ED2B0E3}.Debug|Win32.ActiveCfg = Debug|Win32
		{6CA17822-E63A-43A5-B0C7-175A6ED2B0E3}.Debug|Win32.Build.0 = Debug|Win32
		{6CA17822-E63A-43A5-B0C7-175A6ED2B0E3}.Debug|Win32.Deploy.0 = Debug|Win32
		{6CA17822-E63A-43A5-B0C7-175A6ED2B0E3}.Debug|x64.ActiveCfg = Debug|x64
		{6CA17822-E63A-43A5-B0C7-175A6ED2B0E3}.Debug|x64.Build.0 = Debug|x64
		{6CA17822-E63A-43A5-B0C7-175A6ED2B0E3}.Debug|x64.Deploy.0 = Debug|x64
		{6CA17822-E63A-43A5-B0C7-175A6ED2B0E3}.Release|Win32.ActiveCfg = Release|Win32
		{6CA17822-E63A-43A5-B0C7-175A6ED2B0E3}.Release|Win32.Build.0 = Release|Win32
		{6CA17822-E63A-43A5-B0C7-175A6ED2B0E3}.Release|Win32.Deploy.0 = Release|Win32
		{6CA17822-E63A-43A5-B0C7-175A6ED2B0E3}.Release|x64.ActiveCfg = Release|x64
		{6CA17822-E63A-43A5-B0C7-175A6ED2B0E3}.Release|x64.Build.0 = Release|x64
		{6CA17822-E63A-43A5-B0C7-175A6ED2B0E3}.Release|x64.Deploy.0 = Release|x64
		{DC97FE19-122E-46CA-94C6-E5D1596D5F74}.Debug|Win32.ActiveCfg = Debug|Win32
		{DC97FE19-122E-46CA-94C6-E5D1596D5F74}.Debug|Win32.Build.0 = Debug|Win32
		{DC97FE19-122E-46CA-94C6-E5D1596D5F74}.Debug|Win32.Deploy.0 = Debug|Win32
		{DC97FE19-122E-46CA-94C6-E5D1596D5F74}.Debug|x64.ActiveCfg = Debug|x64
		{DC97FE19-122E-46CA-94C6-E5D1596D5F74}.Debug|x64.Build.0 = Debug|x64
		{DC97FE19-122E-46CA-94C6-E5D1596D5F74}.Debug|x64.Deploy.0 = Debug|x64
		{DC97FE19-122E-46CA-94C6-E5D1596D5F74}.Release|Win32.ActiveCfg = Release|Win32
		{DC97FE19-122E-46CA-94C6-E5D1596D5F74}.Release|Win32.Build.0 = Release|Win32
		{DC97FE19-122E-46CA-94C6-E5D1596D5F74}.Release|Win32.Deploy.0 = Release|Win32
		{DC97FE19-122E-46CA-94C6-E5D1596D5F74}.Release|x64.ActiveCfg = Release|x64
		{DC97FE19-122E-46CA-94C6-E5D1596D5F74}.Release|x64.Build.0 = Release|x64
		{DC97FE19-122E-46CA-94C6-E5D1596D5F74}.Release|x64.Deploy.0 = Release|x64
		{F5224286-8D88-4353-91E4-234D3817AC87}.Debug|Win32.ActiveCfg = Debug|Win32
		{F5224286-8D88-4353-91E4-234D3817AC87}.Debug|Win32.Build.0 = Debug|Win32
		{F5224286-8D88-4353-91E4-234D3817AC87}.Debug|Win32.Deploy.0 = Debug|Win32
		{F5224286-8D88-4353-91E4-234D3817AC87}.Debug|x64.ActiveCfg = Debug|x64
		{F5224286-8D88-4353-91E4-234D3817AC87}.Debug|x64.Build.0 = Debug|x64
		{F5224286-8D88-4353-91E4-234D3817AC87}.Debug|x64.Deploy.0 = Debug|x64
		{F5224286-8D88-4353-91E4-234D3817AC87}.Release|Win32.ActiveCfg = Release|Win32
		{F5224286-8D88-4353-91E4-234D3817AC87}.Release|Win32.Build.0 = Release|Win32
		{F5224286-8D88-4353-91E4-234D3817AC87}.Release|Win32.Deploy.0 = Release|Win32
		{F5224286-8D88-4353-91E4-234D3817AC87}.Release|x64.ActiveCfg = Release|x64
		{F5224286-8D88-4353-91E4-234D3817AC87}.Release|x64.Build.0 = Release|x64
		{F5224286-8D88-4353-91E4-234D3817AC87}.Release|x64.Deploy.0 = Release|x64
	EndGlobalSection
	GlobalSection(SolutionProperties) = preSolution
		HideSolutionNode = FALSE
	EndGlobalSection
EndGlobal
