
Microsoft Visual Studio Solution File, Format Version 11.00
# Visual Studio Version 16
Project("{8BC9CEB8-8B4A-11D0-8D11-00A0C91BC942}") = "3d", "3d.vcxproj", "{371BBF06-B27C-44C9-8BCF-12A4298BA903}"
EndProject
Project("{8BC9CEB8-8B4A-11D0-8D11-00A0C91BC942}") = "asyncio", "asyncio.vcxproj", "{DE1F0B33-0FCD-40FE-8E0B-917AC5CF4A07}"
EndProject
Project("{8BC9CEB8-8B4A-11D0-8D11-00A0C91BC942}") = "channel_groups", "channel_groups.vcxproj", "{A90D6C73-7638-4E00-A7BD-DB1A248A6F18}"
EndProject
Project("{8BC9CEB8-8B4A-11D0-8D11-00A0C91BC942}") = "convolution_reverb", "convolution_reverb.vcxproj", "{E88C92D4-80BC-4F75-AE8D-25A64038FEF0}"
EndProject
Project("{8BC9CEB8-8B4A-11D0-8D11-00A0C91BC942}") = "dsp_custom", "dsp_custom.vcxproj", "{D0129418-02C7-4411-B7E8-47C33D92DCA2}"
EndProject
Project("{8BC9CEB8-8B4A-11D0-8D11-00A0C91BC942}") = "dsp_effect_per_speaker", "dsp_effect_per_speaker.vcxproj", "{79EB5A78-3A25-447F-9B4B-16613C202E51}"
EndProject
Project("{8BC9CEB8-8B4A-11D0-8D11-00A0C91BC942}") = "dsp_inspector", "dsp_inspector.vcxproj", "{1BD0E8DF-8D11-43C2-902C-D522137242F7}"
EndProject
Project("{8BC9CEB8-8B4A-11D0-8D11-00A0C91BC942}") = "effects", "effects.vcxproj", "{22A73FDF-D30A-4521-BF4C-956A43FF8EB0}"
EndProject
Project("{8BC9CEB8-8B4A-11D0-8D11-00A0C91BC942}") = "gapless_playback", "gapless_playback.vcxproj", "{E97EFC7D-13E8-43E8-8A58-ED39BA95041D}"
EndProject
Project("{8BC9CEB8-8B4A-11D0-8D11-00A0C91BC942}") = "generate_tone", "generate_tone.vcxproj", "{F7911658-C240-461D-A246-6FEE75804CD6}"
EndProject
Project("{8BC9CEB8-8B4A-11D0-8D11-00A0C91BC942}") = "granular_synth", "granular_synth.vcxproj", "{DFB47FB4-99C8-4388-9E8D-635AE5DA5473}"
EndProject
Project("{8BC9CEB8-8B4A-11D0-8D11-00A0C91BC942}") = "load_from_memory", "load_from_memory.vcxproj", "{AC17A217-8E68-4827-926C-C4CE54A3ABE3}"
EndProject
Project("{8BC9CEB8-8B4A-11D0-8D11-00A0C91BC942}") = "multiple_speaker", "multiple_speaker.vcxproj", "{EF131D27-5F8B-407C-B55E-86148C357504}"
EndProject
Project("{8BC9CEB8-8B4A-11D0-8D11-00A0C91BC942}") = "multiple_system", "multiple_system.vcxproj", "{B3220408-BEEB-4522-961B-3E7B032F46A0}"
EndProject
Project("{8BC9CEB8-8B4A-11D0-8D11-00A0C91BC942}") = "net_stream", "net_stream.vcxproj", "{119368D1-94E2-4C3C-A6E3-5F07B1A11398}"
EndProject
Project("{8BC9CEB8-8B4A-11D0-8D11-00A0C91BC942}") = "play_sound", "play_sound.vcxproj", "{50B1F2C7-3079-4D87-9CE1-3B8F9F204C94}"
EndProject
Project("{8BC9CEB8-8B4A-11D0-8D11-00A0C91BC942}") = "play_stream", "play_stream.vcxproj", "{5F858ED8-9B71-4E9C-A6E9-89050476A5B9}"
EndProject
Project("{8BC9CEB8-8B4A-11D0-8D11-00A0C91BC942}") = "record", "record.vcxproj", "{37543AAA-B2F2-4BC7-A947-408E75AA44FF}"
EndProject
Project("{8BC9CEB8-8B4A-11D0-8D11-00A0C91BC942}") = "record_enumeration", "record_enumeration.vcxproj", "{9784C8BE-6A1B-4074-ABF1-9226FF0F0D10}"
EndProject
Project("{8BC9CEB8-8B4A-11D0-8D11-00A0C91BC942}") = "user_created_sound", "user_created_sound.vcxproj", "{81AF45A1-1765-4795-9DF9-6C1A10E3642D}"
EndProject
Project("{8BC9CEB8-8B4A-11D0-8D11-00A0C91BC942}") = "fmod_codec_raw", "fmod_codec_raw.vcxproj", "{A4318041-2743-4ACA-8968-61956E09EF8E}"
EndProject
Project("{8BC9CEB8-8B4A-11D0-8D11-00A0C91BC942}") = "fmod_distance_filter", "fmod_distance_filter.vcxproj", "{8312DCD4-6907-4C22-A338-BB545F5F588C}"
EndProject
Project("{8BC9CEB8-8B4A-11D0-8D11-00A0C91BC942}") = "fmod_gain", "fmod_gain.vcxproj", "{89A86444-2C58-4C36-988E-4862FE8B393F}"
EndProject
Project("{8BC9CEB8-8B4A-11D0-8D11-00A0C91BC942}") = "fmod_noise", "fmod_noise.vcxproj", "{6F19FF87-68E2-4A2F-92F9-6429D06E1360}"
EndProject
Project("{8BC9CEB8-8B4A-11D0-8D11-00A0C91BC942}") = "output_mp3", "output_mp3.vcxproj", "{9143B04E-F7F4-44B7-A555-82ADC88AF8A2}"
EndProject
Global
	GlobalSection(SolutionConfigurationPlatforms) = preSolution
		Debug|Win32 = Debug|Win32
		Debug|x64 = Debug|x64
		Release|Win32 = Release|Win32
		Release|x64 = Release|x64
	EndGlobalSection
	GlobalSection(ProjectConfigurationPlatforms) = postSolution
		{371BBF06-B27C-44C9-8BCF-12A4298BA903}.Debug|Win32.ActiveCfg = Debug|Win32
		{371BBF06-B27C-44C9-8BCF-12A4298BA903}.Debug|Win32.Build.0 = Debug|Win32
		{371BBF06-B27C-44C9-8BCF-12A4298BA903}.Debug|Win32.Deploy.0 = Debug|Win32
		{371BBF06-B27C-44C9-8BCF-12A4298BA903}.Debug|x64.ActiveCfg = Debug|x64
		{371BBF06-B27C-44C9-8BCF-12A4298BA903}.Debug|x64.Build.0 = Debug|x64
		{371BBF06-B27C-44C9-8BCF-12A4298BA903}.Debug|x64.Deploy.0 = Debug|x64
		{371BBF06-B27C-44C9-8BCF-12A4298BA903}.Release|Win32.ActiveCfg = Release|Win32
		{371BBF06-B27C-44C9-8BCF-12A4298BA903}.Release|Win32.Build.0 = Release|Win32
		{371BBF06-B27C-44C9-8BCF-12A4298BA903}.Release|Win32.Deploy.0 = Release|Win32
		{371BBF06-B27C-44C9-8BCF-12A4298BA903}.Release|x64.ActiveCfg = Release|x64
		{371BBF06-B27C-44C9-8BCF-12A4298BA903}.Release|x64.Build.0 = Release|x64
		{371BBF06-B27C-44C9-8BCF-12A4298BA903}.Release|x64.Deploy.0 = Release|x64
		{DE1F0B33-0FCD-40FE-8E0B-917AC5CF4A07}.Debug|Win32.ActiveCfg = Debug|Win32
		{DE1F0B33-0FCD-40FE-8E0B-917AC5CF4A07}.Debug|Win32.Build.0 = Debug|Win32
		{DE1F0B33-0FCD-40FE-8E0B-917AC5CF4A07}.Debug|Win32.Deploy.0 = Debug|Win32
		{DE1F0B33-0FCD-40FE-8E0B-917AC5CF4A07}.Debug|x64.ActiveCfg = Debug|x64
		{DE1F0B33-0FCD-40FE-8E0B-917AC5CF4A07}.Debug|x64.Build.0 = Debug|x64
		{DE1F0B33-0FCD-40FE-8E0B-917AC5CF4A07}.Debug|x64.Deploy.0 = Debug|x64
		{DE1F0B33-0FCD-40FE-8E0B-917AC5CF4A07}.Release|Win32.ActiveCfg = Release|Win32
		{DE1F0B33-0FCD-40FE-8E0B-917AC5CF4A07}.Release|Win32.Build.0 = Release|Win32
		{DE1F0B33-0FCD-40FE-8E0B-917AC5CF4A07}.Release|Win32.Deploy.0 = Release|Win32
		{DE1F0B33-0FCD-40FE-8E0B-917AC5CF4A07}.Release|x64.ActiveCfg = Release|x64
		{DE1F0B33-0FCD-40FE-8E0B-917AC5CF4A07}.Release|x64.Build.0 = Release|x64
		{DE1F0B33-0FCD-40FE-8E0B-917AC5CF4A07}.Release|x64.Deploy.0 = Release|x64
		{A90D6C73-7638-4E00-A7BD-DB1A248A6F18}.Debug|Win32.ActiveCfg = Debug|Win32
		{A90D6C73-7638-4E00-A7BD-DB1A248A6F18}.Debug|Win32.Build.0 = Debug|Win32
		{A90D6C73-7638-4E00-A7BD-DB1A248A6F18}.Debug|Win32.Deploy.0 = Debug|Win32
		{A90D6C73-7638-4E00-A7BD-DB1A248A6F18}.Debug|x64.ActiveCfg = Debug|x64
		{A90D6C73-7638-4E00-A7BD-DB1A248A6F18}.Debug|x64.Build.0 = Debug|x64
		{A90D6C73-7638-4E00-A7BD-DB1A248A6F18}.Debug|x64.Deploy.0 = Debug|x64
		{A90D6C73-7638-4E00-A7BD-DB1A248A6F18}.Release|Win32.ActiveCfg = Release|Win32
		{A90D6C73-7638-4E00-A7BD-DB1A248A6F18}.Release|Win32.Build.0 = Release|Win32
		{A90D6C73-7638-4E00-A7BD-DB1A248A6F18}.Release|Win32.Deploy.0 = Release|Win32
		{A90D6C73-7638-4E00-A7BD-DB1A248A6F18}.Release|x64.ActiveCfg = Release|x64
		{A90D6C73-7638-4E00-A7BD-DB1A248A6F18}.Release|x64.Build.0 = Release|x64
		{A90D6C73-7638-4E00-A7BD-DB1A248A6F18}.Release|x64.Deploy.0 = Release|x64
		{E88C92D4-80BC-4F75-AE8D-25A64038FEF0}.Debug|Win32.ActiveCfg = Debug|Win32
		{E88C92D4-80BC-4F75-AE8D-25A64038FEF0}.Debug|Win32.Build.0 = Debug|Win32
		{E88C92D4-80BC-4F75-AE8D-25A64038FEF0}.Debug|Win32.Deploy.0 = Debug|Win32
		{E88C92D4-80BC-4F75-AE8D-25A64038FEF0}.Debug|x64.ActiveCfg = Debug|x64
		{E88C92D4-80BC-4F75-AE8D-25A64038FEF0}.Debug|x64.Build.0 = Debug|x64
		{E88C92D4-80BC-4F75-AE8D-25A64038FEF0}.Debug|x64.Deploy.0 = Debug|x64
		{E88C92D4-80BC-4F75-AE8D-25A64038FEF0}.Release|Win32.ActiveCfg = Release|Win32
		{E88C92D4-80BC-4F75-AE8D-25A64038FEF0}.Release|Win32.Build.0 = Release|Win32
		{E88C92D4-80BC-4F75-AE8D-25A64038FEF0}.Release|Win32.Deploy.0 = Release|Win32
		{E88C92D4-80BC-4F75-AE8D-25A64038FEF0}.Release|x64.ActiveCfg = Release|x64
		{E88C92D4-80BC-4F75-AE8D-25A64038FEF0}.Release|x64.Build.0 = Release|x64
		{E88C92D4-80BC-4F75-AE8D-25A64038FEF0}.Release|x64.Deploy.0 = Release|x64
		{D0129418-02C7-4411-B7E8-47C33D92DCA2}.Debug|Win32.ActiveCfg = Debug|Win32
		{D0129418-02C7-4411-B7E8-47C33D92DCA2}.Debug|Win32.Build.0 = Debug|Win32
		{D0129418-02C7-4411-B7E8-47C33D92DCA2}.Debug|Win32.Deploy.0 = Debug|Win32
		{D0129418-02C7-4411-B7E8-47C33D92DCA2}.Debug|x64.ActiveCfg = Debug|x64
		{D0129418-02C7-4411-B7E8-47C33D92DCA2}.Debug|x64.Build.0 = Debug|x64
		{D0129418-02C7-4411-B7E8-47C33D92DCA2}.Debug|x64.Deploy.0 = Debug|x64
		{D0129418-02C7-4411-B7E8-47C33D92DCA2}.Release|Win32.ActiveCfg = Release|Win32
		{D0129418-02C7-4411-B7E8-47C33D92DCA2}.Release|Win32.Build.0 = Release|Win32
		{D0129418-02C7-4411-B7E8-47C33D92DCA2}.Release|Win32.Deploy.0 = Release|Win32
		{D0129418-02C7-4411-B7E8-47C33D92DCA2}.Release|x64.ActiveCfg = Release|x64
		{D0129418-02C7-4411-B7E8-47C33D92DCA2}.Release|x64.Build.0 = Release|x64
		{D0129418-02C7-4411-B7E8-47C33D92DCA2}.Release|x64.Deploy.0 = Release|x64
		{79EB5A78-3A25-447F-9B4B-16613C202E51}.Debug|Win32.ActiveCfg = Debug|Win32
		{79EB5A78-3A25-447F-9B4B-16613C202E51}.Debug|Win32.Build.0 = Debug|Win32
		{79EB5A78-3A25-447F-9B4B-16613C202E51}.Debug|Win32.Deploy.0 = Debug|Win32
		{79EB5A78-3A25-447F-9B4B-16613C202E51}.Debug|x64.ActiveCfg = Debug|x64
		{79EB5A78-3A25-447F-9B4B-16613C202E51}.Debug|x64.Build.0 = Debug|x64
		{79EB5A78-3A25-447F-9B4B-16613C202E51}.Debug|x64.Deploy.0 = Debug|x64
		{79EB5A78-3A25-447F-9B4B-16613C202E51}.Release|Win32.ActiveCfg = Release|Win32
		{79EB5A78-3A25-447F-9B4B-16613C202E51}.Release|Win32.Build.0 = Release|Win32
		{79EB5A78-3A25-447F-9B4B-16613C202E51}.Release|Win32.Deploy.0 = Release|Win32
		{79EB5A78-3A25-447F-9B4B-16613C202E51}.Release|x64.ActiveCfg = Release|x64
		{79EB5A78-3A25-447F-9B4B-16613C202E51}.Release|x64.Build.0 = Release|x64
		{79EB5A78-3A25-447F-9B4B-16613C202E51}.Release|x64.Deploy.0 = Release|x64
		{1BD0E8DF-8D11-43C2-902C-D522137242F7}.Debug|Win32.ActiveCfg = Debug|Win32
		{1BD0E8DF-8D11-43C2-902C-D522137242F7}.Debug|Win32.Build.0 = Debug|Win32
		{1BD0E8DF-8D11-43C2-902C-D522137242F7}.Debug|Win32.Deploy.0 = Debug|Win32
		{1BD0E8DF-8D11-43C2-902C-D522137242F7}.Debug|x64.ActiveCfg = Debug|x64
		{1BD0E8DF-8D11-43C2-902C-D522137242F7}.Debug|x64.Build.0 = Debug|x64
		{1BD0E8DF-8D11-43C2-902C-D522137242F7}.Debug|x64.Deploy.0 = Debug|x64
		{1BD0E8DF-8D11-43C2-902C-D522137242F7}.Release|Win32.ActiveCfg = Release|Win32
		{1BD0E8DF-8D11-43C2-902C-D522137242F7}.Release|Win32.Build.0 = Release|Win32
		{1BD0E8DF-8D11-43C2-902C-D522137242F7}.Release|Win32.Deploy.0 = Release|Win32
		{1BD0E8DF-8D11-43C2-902C-D522137242F7}.Release|x64.ActiveCfg = Release|x64
		{1BD0E8DF-8D11-43C2-902C-D522137242F7}.Release|x64.Build.0 = Release|x64
		{1BD0E8DF-8D11-43C2-902C-D522137242F7}.Release|x64.Deploy.0 = Release|x64
		{22A73FDF-D30A-4521-BF4C-956A43FF8EB0}.Debug|Win32.ActiveCfg = Debug|Win32
		{22A73FDF-D30A-4521-BF4C-956A43FF8EB0}.Debug|Win32.Build.0 = Debug|Win32
		{22A73FDF-D30A-4521-BF4C-956A43FF8EB0}.Debug|Win32.Deploy.0 = Debug|Win32
		{22A73FDF-D30A-4521-BF4C-956A43FF8EB0}.Debug|x64.ActiveCfg = Debug|x64
		{22A73FDF-D30A-4521-BF4C-956A43FF8EB0}.Debug|x64.Build.0 = Debug|x64
		{22A73FDF-D30A-4521-BF4C-956A43FF8EB0}.Debug|x64.Deploy.0 = Debug|x64
		{22A73FDF-D30A-4521-BF4C-956A43FF8EB0}.Release|Win32.ActiveCfg = Release|Win32
		{22A73FDF-D30A-4521-BF4C-956A43FF8EB0}.Release|Win32.Build.0 = Release|Win32
		{22A73FDF-D30A-4521-BF4C-956A43FF8EB0}.Release|Win32.Deploy.0 = Release|Win32
		{22A73FDF-D30A-4521-BF4C-956A43FF8EB0}.Release|x64.ActiveCfg = Release|x64
		{22A73FDF-D30A-4521-BF4C-956A43FF8EB0}.Release|x64.Build.0 = Release|x64
		{22A73FDF-D30A-4521-BF4C-956A43FF8EB0}.Release|x64.Deploy.0 = Release|x64
		{E97EFC7D-13E8-43E8-8A58-ED39BA95041D}.Debug|Win32.ActiveCfg = Debug|Win32
		{E97EFC7D-13E8-43E8-8A58-ED39BA95041D}.Debug|Win32.Build.0 = Debug|Win32
		{E97EFC7D-13E8-43E8-8A58-ED39BA95041D}.Debug|Win32.Deploy.0 = Debug|Win32
		{E97EFC7D-13E8-43E8-8A58-ED39BA95041D}.Debug|x64.ActiveCfg = Debug|x64
		{E97EFC7D-13E8-43E8-8A58-ED39BA95041D}.Debug|x64.Build.0 = Debug|x64
		{E97EFC7D-13E8-43E8-8A58-ED39BA95041D}.Debug|x64.Deploy.0 = Debug|x64
		{E97EFC7D-13E8-43E8-8A58-ED39BA95041D}.Release|Win32.ActiveCfg = Release|Win32
		{E97EFC7D-13E8-43E8-8A58-ED39BA95041D}.Release|Win32.Build.0 = Release|Win32
		{E97EFC7D-13E8-43E8-8A58-ED39BA95041D}.Release|Win32.Deploy.0 = Release|Win32
		{E97EFC7D-13E8-43E8-8A58-ED39BA95041D}.Release|x64.ActiveCfg = Release|x64
		{E97EFC7D-13E8-43E8-8A58-ED39BA95041D}.Release|x64.Build.0 = Release|x64
		{E97EFC7D-13E8-43E8-8A58-ED39BA95041D}.Release|x64.Deploy.0 = Release|x64
		{F7911658-C240-461D-A246-6FEE75804CD6}.Debug|Win32.ActiveCfg = Debug|Win32
		{F7911658-C240-461D-A246-6FEE75804CD6}.Debug|Win32.Build.0 = Debug|Win32
		{F7911658-C240-461D-A246-6FEE75804CD6}.Debug|Win32.Deploy.0 = Debug|Win32
		{F7911658-C240-461D-A246-6FEE75804CD6}.Debug|x64.ActiveCfg = Debug|x64
		{F7911658-C240-461D-A246-6FEE75804CD6}.Debug|x64.Build.0 = Debug|x64
		{F7911658-C240-461D-A246-6FEE75804CD6}.Debug|x64.Deploy.0 = Debug|x64
		{F7911658-C240-461D-A246-6FEE75804CD6}.Release|Win32.ActiveCfg = Release|Win32
		{F7911658-C240-461D-A246-6FEE75804CD6}.Release|Win32.Build.0 = Release|Win32
		{F7911658-C240-461D-A246-6FEE75804CD6}.Release|Win32.Deploy.0 = Release|Win32
		{F7911658-C240-461D-A246-6FEE75804CD6}.Release|x64.ActiveCfg = Release|x64
		{F7911658-C240-461D-A246-6FEE75804CD6}.Release|x64.Build.0 = Release|x64
		{F7911658-C240-461D-A246-6FEE75804CD6}.Release|x64.Deploy.0 = Release|x64
		{DFB47FB4-99C8-4388-9E8D-635AE5DA5473}.Debug|Win32.ActiveCfg = Debug|Win32
		{DFB47FB4-99C8-4388-9E8D-635AE5DA5473}.Debug|Win32.Build.0 = Debug|Win32
		{DFB47FB4-99C8-4388-9E8D-635AE5DA5473}.Debug|Win32.Deploy.0 = Debug|Win32
		{DFB47FB4-99C8-4388-9E8D-635AE5DA5473}.Debug|x64.ActiveCfg = Debug|x64
		{DFB47FB4-99C8-4388-9E8D-635AE5DA5473}.Debug|x64.Build.0 = Debug|x64
		{DFB47FB4-99C8-4388-9E8D-635AE5DA5473}.Debug|x64.Deploy.0 = Debug|x64
		{DFB47FB4-99C8-4388-9E8D-635AE5DA5473}.Release|Win32.ActiveCfg = Release|Win32
		{DFB47FB4-99C8-4388-9E8D-635AE5DA5473}.Release|Win32.Build.0 = Release|Win32
		{DFB47FB4-99C8-4388-9E8D-635AE5DA5473}.Release|Win32.Deploy.0 = Release|Win32
		{DFB47FB4-99C8-4388-9E8D-635AE5DA5473}.Release|x64.ActiveCfg = Release|x64
		{DFB47FB4-99C8-4388-9E8D-635AE5DA5473}.Release|x64.Build.0 = Release|x64
		{DFB47FB4-99C8-4388-9E8D-635AE5DA5473}.Release|x64.Deploy.0 = Release|x64
		{AC17A217-8E68-4827-926C-C4CE54A3ABE3}.Debug|Win32.ActiveCfg = Debug|Win32
		{AC17A217-8E68-4827-926C-C4CE54A3ABE3}.Debug|Win32.Build.0 = Debug|Win32
		{AC17A217-8E68-4827-926C-C4CE54A3ABE3}.Debug|Win32.Deploy.0 = Debug|Win32
		{AC17A217-8E68-4827-926C-C4CE54A3ABE3}.Debug|x64.ActiveCfg = Debug|x64
		{AC17A217-8E68-4827-926C-C4CE54A3ABE3}.Debug|x64.Build.0 = Debug|x64
		{AC17A217-8E68-4827-926C-C4CE54A3ABE3}.Debug|x64.Deploy.0 = Debug|x64
		{AC17A217-8E68-4827-926C-C4CE54A3ABE3}.Release|Win32.ActiveCfg = Release|Win32
		{AC17A217-8E68-4827-926C-C4CE54A3ABE3}.Release|Win32.Build.0 = Release|Win32
		{AC17A217-8E68-4827-926C-C4CE54A3ABE3}.Release|Win32.Deploy.0 = Release|Win32
		{AC17A217-8E68-4827-926C-C4CE54A3ABE3}.Release|x64.ActiveCfg = Release|x64
		{AC17A217-8E68-4827-926C-C4CE54A3ABE3}.Release|x64.Build.0 = Release|x64
		{AC17A217-8E68-4827-926C-C4CE54A3ABE3}.Release|x64.Deploy.0 = Release|x64
		{EF131D27-5F8B-407C-B55E-86148C357504}.Debug|Win32.ActiveCfg = Debug|Win32
		{EF131D27-5F8B-407C-B55E-86148C357504}.Debug|Win32.Build.0 = Debug|Win32
		{EF131D27-5F8B-407C-B55E-86148C357504}.Debug|Win32.Deploy.0 = Debug|Win32
		{EF131D27-5F8B-407C-B55E-86148C357504}.Debug|x64.ActiveCfg = Debug|x64
		{EF131D27-5F8B-407C-B55E-86148C357504}.Debug|x64.Build.0 = Debug|x64
		{EF131D27-5F8B-407C-B55E-86148C357504}.Debug|x64.Deploy.0 = Debug|x64
		{EF131D27-5F8B-407C-B55E-86148C357504}.Release|Win32.ActiveCfg = Release|Win32
		{EF131D27-5F8B-407C-B55E-86148C357504}.Release|Win32.Build.0 = Release|Win32
		{EF131D27-5F8B-407C-B55E-86148C357504}.Release|Win32.Deploy.0 = Release|Win32
		{EF131D27-5F8B-407C-B55E-86148C357504}.Release|x64.ActiveCfg = Release|x64
		{EF131D27-5F8B-407C-B55E-86148C357504}.Release|x64.Build.0 = Release|x64
		{EF131D27-5F8B-407C-B55E-86148C357504}.Release|x64.Deploy.0 = Release|x64
		{B3220408-BEEB-4522-961B-3E7B032F46A0}.Debug|Win32.ActiveCfg = Debug|Win32
		{B3220408-BEEB-4522-961B-3E7B032F46A0}.Debug|Win32.Build.0 = Debug|Win32
		{B3220408-BEEB-4522-961B-3E7B032F46A0}.Debug|Win32.Deploy.0 = Debug|Win32
		{B3220408-BEEB-4522-961B-3E7B032F46A0}.Debug|x64.ActiveCfg = Debug|x64
		{B3220408-BEEB-4522-961B-3E7B032F46A0}.Debug|x64.Build.0 = Debug|x64
		{B3220408-BEEB-4522-961B-3E7B032F46A0}.Debug|x64.Deploy.0 = Debug|x64
		{B3220408-BEEB-4522-961B-3E7B032F46A0}.Release|Win32.ActiveCfg = Release|Win32
		{B3220408-BEEB-4522-961B-3E7B032F46A0}.Release|Win32.Build.0 = Release|Win32
		{B3220408-BEEB-4522-961B-3E7B032F46A0}.Release|Win32.Deploy.0 = Release|Win32
		{B3220408-BEEB-4522-961B-3E7B032F46A0}.Release|x64.ActiveCfg = Release|x64
		{B3220408-BEEB-4522-961B-3E7B032F46A0}.Release|x64.Build.0 = Release|x64
		{B3220408-BEEB-4522-961B-3E7B032F46A0}.Release|x64.Deploy.0 = Release|x64
		{119368D1-94E2-4C3C-A6E3-5F07B1A11398}.Debug|Win32.ActiveCfg = Debug|Win32
		{119368D1-94E2-4C3C-A6E3-5F07B1A11398}.Debug|Win32.Build.0 = Debug|Win32
		{119368D1-94E2-4C3C-A6E3-5F07B1A11398}.Debug|Win32.Deploy.0 = Debug|Win32
		{119368D1-94E2-4C3C-A6E3-5F07B1A11398}.Debug|x64.ActiveCfg = Debug|x64
		{119368D1-94E2-4C3C-A6E3-5F07B1A11398}.Debug|x64.Build.0 = Debug|x64
		{119368D1-94E2-4C3C-A6E3-5F07B1A11398}.Debug|x64.Deploy.0 = Debug|x64
		{119368D1-94E2-4C3C-A6E3-5F07B1A11398}.Release|Win32.ActiveCfg = Release|Win32
		{119368D1-94E2-4C3C-A6E3-5F07B1A11398}.Release|Win32.Build.0 = Release|Win32
		{119368D1-94E2-4C3C-A6E3-5F07B1A11398}.Release|Win32.Deploy.0 = Release|Win32
		{119368D1-94E2-4C3C-A6E3-5F07B1A11398}.Release|x64.ActiveCfg = Release|x64
		{119368D1-94E2-4C3C-A6E3-5F07B1A11398}.Release|x64.Build.0 = Release|x64
		{119368D1-94E2-4C3C-A6E3-5F07B1A11398}.Release|x64.Deploy.0 = Release|x64
		{50B1F2C7-3079-4D87-9CE1-3B8F9F204C94}.Debug|Win32.ActiveCfg = Debug|Win32
		{50B1F2C7-3079-4D87-9CE1-3B8F9F204C94}.Debug|Win32.Build.0 = Debug|Win32
		{50B1F2C7-3079-4D87-9CE1-3B8F9F204C94}.Debug|Win32.Deploy.0 = Debug|Win32
		{50B1F2C7-3079-4D87-9CE1-3B8F9F204C94}.Debug|x64.ActiveCfg = Debug|x64
		{50B1F2C7-3079-4D87-9CE1-3B8F9F204C94}.Debug|x64.Build.0 = Debug|x64
		{50B1F2C7-3079-4D87-9CE1-3B8F9F204C94}.Debug|x64.Deploy.0 = Debug|x64
		{50B1F2C7-3079-4D87-9CE1-3B8F9F204C94}.Release|Win32.ActiveCfg = Release|Win32
		{50B1F2C7-3079-4D87-9CE1-3B8F9F204C94}.Release|Win32.Build.0 = Release|Win32
		{50B1F2C7-3079-4D87-9CE1-3B8F9F204C94}.Release|Win32.Deploy.0 = Release|Win32
		{50B1F2C7-3079-4D87-9CE1-3B8F9F204C94}.Release|x64.ActiveCfg = Release|x64
		{50B1F2C7-3079-4D87-9CE1-3B8F9F204C94}.Release|x64.Build.0 = Release|x64
		{50B1F2C7-3079-4D87-9CE1-3B8F9F204C94}.Release|x64.Deploy.0 = Release|x64
		{5F858ED8-9B71-4E9C-A6E9-89050476A5B9}.Debug|Win32.ActiveCfg = Debug|Win32
		{5F858ED8-9B71-4E9C-A6E9-89050476A5B9}.Debug|Win32.Build.0 = Debug|Win32
		{5F858ED8-9B71-4E9C-A6E9-89050476A5B9}.Debug|Win32.Deploy.0 = Debug|Win32
		{5F858ED8-9B71-4E9C-A6E9-89050476A5B9}.Debug|x64.ActiveCfg = Debug|x64
		{5F858ED8-9B71-4E9C-A6E9-89050476A5B9}.Debug|x64.Build.0 = Debug|x64
		{5F858ED8-9B71-4E9C-A6E9-89050476A5B9}.Debug|x64.Deploy.0 = Debug|x64
		{5F858ED8-9B71-4E9C-A6E9-89050476A5B9}.Release|Win32.ActiveCfg = Release|Win32
		{5F858ED8-9B71-4E9C-A6E9-89050476A5B9}.Release|Win32.Build.0 = Release|Win32
		{5F858ED8-9B71-4E9C-A6E9-89050476A5B9}.Release|Win32.Deploy.0 = Release|Win32
		{5F858ED8-9B71-4E9C-A6E9-89050476A5B9}.Release|x64.ActiveCfg = Release|x64
		{5F858ED8-9B71-4E9C-A6E9-89050476A5B9}.Release|x64.Build.0 = Release|x64
		{5F858ED8-9B71-4E9C-A6E9-89050476A5B9}.Release|x64.Deploy.0 = Release|x64
		{37543AAA-B2F2-4BC7-A947-408E75AA44FF}.Debug|Win32.ActiveCfg = Debug|Win32
		{37543AAA-B2F2-4BC7-A947-408E75AA44FF}.Debug|Win32.Build.0 = Debug|Win32
		{37543AAA-B2F2-4BC7-A947-408E75AA44FF}.Debug|Win32.Deploy.0 = Debug|Win32
		{37543AAA-B2F2-4BC7-A947-408E75AA44FF}.Debug|x64.ActiveCfg = Debug|x64
		{37543AAA-B2F2-4BC7-A947-408E75AA44FF}.Debug|x64.Build.0 = Debug|x64
		{37543AAA-B2F2-4BC7-A947-408E75AA44FF}.Debug|x64.Deploy.0 = Debug|x64
		{37543AAA-B2F2-4BC7-A947-408E75AA44FF}.Release|Win32.ActiveCfg = Release|Win32
		{37543AAA-B2F2-4BC7-A947-408E75AA44FF}.Release|Win32.Build.0 = Release|Win32
		{37543AAA-B2F2-4BC7-A947-408E75AA44FF}.Release|Win32.Deploy.0 = Release|Win32
		{37543AAA-B2F2-4BC7-A947-408E75AA44FF}.Release|x64.ActiveCfg = Release|x64
		{37543AAA-B2F2-4BC7-A947-408E75AA44FF}.Release|x64.Build.0 = Release|x64
		{37543AAA-B2F2-4BC7-A947-408E75AA44FF}.Release|x64.Deploy.0 = Release|x64
		{9784C8BE-6A1B-4074-ABF1-9226FF0F0D10}.Debug|Win32.ActiveCfg = Debug|Win32
		{9784C8BE-6A1B-4074-ABF1-9226FF0F0D10}.Debug|Win32.Build.0 = Debug|Win32
		{9784C8BE-6A1B-4074-ABF1-9226FF0F0D10}.Debug|Win32.Deploy.0 = Debug|Win32
		{9784C8BE-6A1B-4074-ABF1-9226FF0F0D10}.Debug|x64.ActiveCfg = Debug|x64
		{9784C8BE-6A1B-4074-ABF1-9226FF0F0D10}.Debug|x64.Build.0 = Debug|x64
		{9784C8BE-6A1B-4074-ABF1-9226FF0F0D10}.Debug|x64.Deploy.0 = Debug|x64
		{9784C8BE-6A1B-4074-ABF1-9226FF0F0D10}.Release|Win32.ActiveCfg = Release|Win32
		{9784C8BE-6A1B-4074-ABF1-9226FF0F0D10}.Release|Win32.Build.0 = Release|Win32
		{9784C8BE-6A1B-4074-ABF1-9226FF0F0D10}.Release|Win32.Deploy.0 = Release|Win32
		{9784C8BE-6A1B-4074-ABF1-9226FF0F0D10}.Release|x64.ActiveCfg = Release|x64
		{9784C8BE-6A1B-4074-ABF1-9226FF0F0D10}.Release|x64.Build.0 = Release|x64
		{9784C8BE-6A1B-4074-ABF1-9226FF0F0D10}.Release|x64.Deploy.0 = Release|x64
		{81AF45A1-1765-4795-9DF9-6C1A10E3642D}.Debug|Win32.ActiveCfg = Debug|Win32
		{81AF45A1-1765-4795-9DF9-6C1A10E3642D}.Debug|Win32.Build.0 = Debug|Win32
		{81AF45A1-1765-4795-9DF9-6C1A10E3642D}.Debug|Win32.Deploy.0 = Debug|Win32
		{81AF45A1-1765-4795-9DF9-6C1A10E3642D}.Debug|x64.ActiveCfg = Debug|x64
		{81AF45A1-1765-4795-9DF9-6C1A10E3642D}.Debug|x64.Build.0 = Debug|x64
		{81AF45A1-1765-4795-9DF9-6C1A10E3642D}.Debug|x64.Deploy.0 = Debug|x64
		{81AF45A1-1765-4795-9DF9-6C1A10E3642D}.Release|Win32.ActiveCfg = Release|Win32
		{81AF45A1-1765-4795-9DF9-6C1A10E3642D}.Release|Win32.Build.0 = Release|Win32
		{81AF45A1-1765-4795-9DF9-6C1A10E3642D}.Release|Win32.Deploy.0 = Release|Win32
		{81AF45A1-1765-4795-9DF9-6C1A10E3642D}.Release|x64.ActiveCfg = Release|x64
		{81AF45A1-1765-4795-9DF9-6C1A10E3642D}.Release|x64.Build.0 = Release|x64
		{81AF45A1-1765-4795-9DF9-6C1A10E3642D}.Release|x64.Deploy.0 = Release|x64
		{A4318041-2743-4ACA-8968-61956E09EF8E}.Debug|Win32.ActiveCfg = Debug|Win32
		{A4318041-2743-4ACA-8968-61956E09EF8E}.Debug|Win32.Build.0 = Debug|Win32
		{A4318041-2743-4ACA-8968-61956E09EF8E}.Debug|Win32.Deploy.0 = Debug|Win32
		{A4318041-2743-4ACA-8968-61956E09EF8E}.Debug|x64.ActiveCfg = Debug|x64
		{A4318041-2743-4ACA-8968-61956E09EF8E}.Debug|x64.Build.0 = Debug|x64
		{A4318041-2743-4ACA-8968-61956E09EF8E}.Debug|x64.Deploy.0 = Debug|x64
		{A4318041-2743-4ACA-8968-61956E09EF8E}.Release|Win32.ActiveCfg = Release|Win32
		{A4318041-2743-4ACA-8968-61956E09EF8E}.Release|Win32.Build.0 = Release|Win32
		{A4318041-2743-4ACA-8968-61956E09EF8E}.Release|Win32.Deploy.0 = Release|Win32
		{A4318041-2743-4ACA-8968-61956E09EF8E}.Release|x64.ActiveCfg = Release|x64
		{A4318041-2743-4ACA-8968-61956E09EF8E}.Release|x64.Build.0 = Release|x64
		{A4318041-2743-4ACA-8968-61956E09EF8E}.Release|x64.Deploy.0 = Release|x64
		{8312DCD4-6907-4C22-A338-BB545F5F588C}.Debug|Win32.ActiveCfg = Debug|Win32
		{8312DCD4-6907-4C22-A338-BB545F5F588C}.Debug|Win32.Build.0 = Debug|Win32
		{8312DCD4-6907-4C22-A338-BB545F5F588C}.Debug|Win32.Deploy.0 = Debug|Win32
		{8312DCD4-6907-4C22-A338-BB545F5F588C}.Debug|x64.ActiveCfg = Debug|x64
		{8312DCD4-6907-4C22-A338-BB545F5F588C}.Debug|x64.Build.0 = Debug|x64
		{8312DCD4-6907-4C22-A338-BB545F5F588C}.Debug|x64.Deploy.0 = Debug|x64
		{8312DCD4-6907-4C22-A338-BB545F5F588C}.Release|Win32.ActiveCfg = Release|Win32
		{8312DCD4-6907-4C22-A338-BB545F5F588C}.Release|Win32.Build.0 = Release|Win32
		{8312DCD4-6907-4C22-A338-BB545F5F588C}.Release|Win32.Deploy.0 = Release|Win32
		{8312DCD4-6907-4C22-A338-BB545F5F588C}.Release|x64.ActiveCfg = Release|x64
		{8312DCD4-6907-4C22-A338-BB545F5F588C}.Release|x64.Build.0 = Release|x64
		{8312DCD4-6907-4C22-A338-BB545F5F588C}.Release|x64.Deploy.0 = Release|x64
		{89A86444-2C58-4C36-988E-4862FE8B393F}.Debug|Win32.ActiveCfg = Debug|Win32
		{89A86444-2C58-4C36-988E-4862FE8B393F}.Debug|Win32.Build.0 = Debug|Win32
		{89A86444-2C58-4C36-988E-4862FE8B393F}.Debug|Win32.Deploy.0 = Debug|Win32
		{89A86444-2C58-4C36-988E-4862FE8B393F}.Debug|x64.ActiveCfg = Debug|x64
		{89A86444-2C58-4C36-988E-4862FE8B393F}.Debug|x64.Build.0 = Debug|x64
		{89A86444-2C58-4C36-988E-4862FE8B393F}.Debug|x64.Deploy.0 = Debug|x64
		{89A86444-2C58-4C36-988E-4862FE8B393F}.Release|Win32.ActiveCfg = Release|Win32
		{89A86444-2C58-4C36-988E-4862FE8B393F}.Release|Win32.Build.0 = Release|Win32
		{89A86444-2C58-4C36-988E-4862FE8B393F}.Release|Win32.Deploy.0 = Release|Win32
		{89A86444-2C58-4C36-988E-4862FE8B393F}.Release|x64.ActiveCfg = Release|x64
		{89A86444-2C58-4C36-988E-4862FE8B393F}.Release|x64.Build.0 = Release|x64
		{89A86444-2C58-4C36-988E-4862FE8B393F}.Release|x64.Deploy.0 = Release|x64
		{6F19FF87-68E2-4A2F-92F9-6429D06E1360}.Debug|Win32.ActiveCfg = Debug|Win32
		{6F19FF87-68E2-4A2F-92F9-6429D06E1360}.Debug|Win32.Build.0 = Debug|Win32
		{6F19FF87-68E2-4A2F-92F9-6429D06E1360}.Debug|Win32.Deploy.0 = Debug|Win32
		{6F19FF87-68E2-4A2F-92F9-6429D06E1360}.Debug|x64.ActiveCfg = Debug|x64
		{6F19FF87-68E2-4A2F-92F9-6429D06E1360}.Debug|x64.Build.0 = Debug|x64
		{6F19FF87-68E2-4A2F-92F9-6429D06E1360}.Debug|x64.Deploy.0 = Debug|x64
		{6F19FF87-68E2-4A2F-92F9-6429D06E1360}.Release|Win32.ActiveCfg = Release|Win32
		{6F19FF87-68E2-4A2F-92F9-6429D06E1360}.Release|Win32.Build.0 = Release|Win32
		{6F19FF87-68E2-4A2F-92F9-6429D06E1360}.Release|Win32.Deploy.0 = Release|Win32
		{6F19FF87-68E2-4A2F-92F9-6429D06E1360}.Release|x64.ActiveCfg = Release|x64
		{6F19FF87-68E2-4A2F-92F9-6429D06E1360}.Release|x64.Build.0 = Release|x64
		{6F19FF87-68E2-4A2F-92F9-6429D06E1360}.Release|x64.Deploy.0 = Release|x64
		{9143B04E-F7F4-44B7-A555-82ADC88AF8A2}.Debug|Win32.ActiveCfg = Debug|Win32
		{9143B04E-F7F4-44B7-A555-82ADC88AF8A2}.Debug|Win32.Build.0 = Debug|Win32
		{9143B04E-F7F4-44B7-A555-82ADC88AF8A2}.Debug|Win32.Deploy.0 = Debug|Win32
		{9143B04E-F7F4-44B7-A555-82ADC88AF8A2}.Debug|x64.ActiveCfg = Debug|x64
		{9143B04E-F7F4-44B7-A555-82ADC88AF8A2}.Debug|x64.Build.0 = Debug|x64
		{9143B04E-F7F4-44B7-A555-82ADC88AF8A2}.Debug|x64.Deploy.0 = Debug|x64
		{9143B04E-F7F4-44B7-A555-82ADC88AF8A2}.Release|Win32.ActiveCfg = Release|Win32
		{9143B04E-F7F4-44B7-A555-82ADC88AF8A2}.Release|Win32.Build.0 = Release|Win32
		{9143B04E-F7F4-44B7-A555-82ADC88AF8A2}.Release|Win32.Deploy.0 = Release|Win32
		{9143B04E-F7F4-44B7-A555-82ADC88AF8A2}.Release|x64.ActiveCfg = Release|x64
		{9143B04E-F7F4-44B7-A555-82ADC88AF8A2}.Release|x64.Build.0 = Release|x64
		{9143B04E-F7F4-44B7-A555-82ADC88AF8A2}.Release|x64.Deploy.0 = Release|x64
	EndGlobalSection
	GlobalSection(SolutionProperties) = preSolution
		HideSolutionNode = FALSE
	EndGlobalSection
EndGlobal
