
Microsoft Visual Studio Solution File, Format Version 11.00
# Visual Studio 15
Project("{8BC9CEB8-8B4A-11D0-8D11-00A0C91BC942}") = "3d", "3d.vcxproj", "{5489FBD1-1AAC-466B-B856-EC63DFDD2BCE}"
EndProject
Project("{8BC9CEB8-8B4A-11D0-8D11-00A0C91BC942}") = "3d_multi", "3d_multi.vcxproj", "{BF62F38E-9AE9-46D9-8662-8A214C354C3F}"
EndProject
Project("{8BC9CEB8-8B4A-11D0-8D11-00A0C91BC942}") = "event_parameter", "event_parameter.vcxproj", "{A682AC66-6C40-425C-8E57-F09F545945E0}"
EndProject
Project("{8BC9CEB8-8B4A-11D0-8D11-00A0C91BC942}") = "load_banks", "load_banks.vcxproj", "{B1700AC1-5E53-43C6-8CCF-49DBD80453E6}"
EndProject
Project("{8BC9CEB8-8B4A-11D0-8D11-00A0C91BC942}") = "music_callbacks", "music_callbacks.vcxproj", "{D74629AA-4369-4715-8AEC-BC5EA5293C35}"
EndProject
Project("{8BC9CEB8-8B4A-11D0-8D11-00A0C91BC942}") = "objectpan", "objectpan.vcxproj", "{BE1AD739-1A13-4669-9184-13F93CB858DB}"
EndProject
Project("{8BC9CEB8-8B4A-11D0-8D11-00A0C91BC942}") = "programmer_sound", "programmer_sound.vcxproj", "{F9DC4558-4F3A-45A4-9ECD-4DCE6321F78E}"
EndProject
Project("{8BC9CEB8-8B4A-11D0-8D11-00A0C91BC942}") = "recording_playback", "recording_playback.vcxproj", "{0B4DB168-03B1-4B52-92A4-4A5ECEBF5F94}"
EndProject
Project("{8BC9CEB8-8B4A-11D0-8D11-00A0C91BC942}") = "simple_event", "simple_event.vcxproj", "{B4DDADB7-1244-46D5-830A-B6349220F95F}"
EndProject
Global
	GlobalSection(SolutionConfigurationPlatforms) = preSolution
		Debug|Win32 = Debug|Win32
		Debug|x64 = Debug|x64
		Release|Win32 = Release|Win32
		Release|x64 = Release|x64
	EndGlobalSection
	GlobalSection(ProjectConfigurationPlatforms) = postSolution
		{5489FBD1-1AAC-466B-B856-EC63DFDD2BCE}.Debug|Win32.ActiveCfg = Debug|Win32
		{5489FBD1-1AAC-466B-B856-EC63DFDD2BCE}.Debug|Win32.Build.0 = Debug|Win32
		{5489FBD1-1AAC-466B-B856-EC63DFDD2BCE}.Debug|Win32.Deploy.0 = Debug|Win32
		{5489FBD1-1AAC-466B-B856-EC63DFDD2BCE}.Debug|x64.ActiveCfg = Debug|x64
		{5489FBD1-1AAC-466B-B856-EC63DFDD2BCE}.Debug|x64.Build.0 = Debug|x64
		{5489FBD1-1AAC-466B-B856-EC63DFDD2BCE}.Debug|x64.Deploy.0 = Debug|x64
		{5489FBD1-1AAC-466B-B856-EC63DFDD2BCE}.Release|Win32.ActiveCfg = Release|Win32
		{5489FBD1-1AAC-466B-B856-EC63DFDD2BCE}.Release|Win32.Build.0 = Release|Win32
		{5489FBD1-1AAC-466B-B856-EC63DFDD2BCE}.Release|Win32.Deploy.0 = Release|Win32
		{5489FBD1-1AAC-466B-B856-EC63DFDD2BCE}.Release|x64.ActiveCfg = Release|x64
		{5489FBD1-1AAC-466B-B856-EC63DFDD2BCE}.Release|x64.Build.0 = Release|x64
		{5489FBD1-1AAC-466B-B856-EC63DFDD2BCE}.Release|x64.Deploy.0 = Release|x64
		{BF62F38E-9AE9-46D9-8662-8A214C354C3F}.Debug|Win32.ActiveCfg = Debug|Win32
		{BF62F38E-9AE9-46D9-8662-8A214C354C3F}.Debug|Win32.Build.0 = Debug|Win32
		{BF62F38E-9AE9-46D9-8662-8A214C354C3F}.Debug|Win32.Deploy.0 = Debug|Win32
		{BF62F38E-9AE9-46D9-8662-8A214C354C3F}.Debug|x64.ActiveCfg = Debug|x64
		{BF62F38E-9AE9-46D9-8662-8A214C354C3F}.Debug|x64.Build.0 = Debug|x64
		{BF62F38E-9AE9-46D9-8662-8A214C354C3F}.Debug|x64.Deploy.0 = Debug|x64
		{BF62F38E-9AE9-46D9-8662-8A214C354C3F}.Release|Win32.ActiveCfg = Release|Win32
		{BF62F38E-9AE9-46D9-8662-8A214C354C3F}.Release|Win32.Build.0 = Release|Win32
		{BF62F38E-9AE9-46D9-8662-8A214C354C3F}.Release|Win32.Deploy.0 = Release|Win32
		{BF62F38E-9AE9-46D9-8662-8A214C354C3F}.Release|x64.ActiveCfg = Release|x64
		{BF62F38E-9AE9-46D9-8662-8A214C354C3F}.Release|x64.Build.0 = Release|x64
		{BF62F38E-9AE9-46D9-8662-8A214C354C3F}.Release|x64.Deploy.0 = Release|x64
		{A682AC66-6C40-425C-8E57-F09F545945E0}.Debug|Win32.ActiveCfg = Debug|Win32
		{A682AC66-6C40-425C-8E57-F09F545945E0}.Debug|Win32.Build.0 = Debug|Win32
		{A682AC66-6C40-425C-8E57-F09F545945E0}.Debug|Win32.Deploy.0 = Debug|Win32
		{A682AC66-6C40-425C-8E57-F09F545945E0}.Debug|x64.ActiveCfg = Debug|x64
		{A682AC66-6C40-425C-8E57-F09F545945E0}.Debug|x64.Build.0 = Debug|x64
		{A682AC66-6C40-425C-8E57-F09F545945E0}.Debug|x64.Deploy.0 = Debug|x64
		{A682AC66-6C40-425C-8E57-F09F545945E0}.Release|Win32.ActiveCfg = Release|Win32
		{A682AC66-6C40-425C-8E57-F09F545945E0}.Release|Win32.Build.0 = Release|Win32
		{A682AC66-6C40-425C-8E57-F09F545945E0}.Release|Win32.Deploy.0 = Release|Win32
		{A682AC66-6C40-425C-8E57-F09F545945E0}.Release|x64.ActiveCfg = Release|x64
		{A682AC66-6C40-425C-8E57-F09F545945E0}.Release|x64.Build.0 = Release|x64
		{A682AC66-6C40-425C-8E57-F09F545945E0}.Release|x64.Deploy.0 = Release|x64
		{B1700AC1-5E53-43C6-8CCF-49DBD80453E6}.Debug|Win32.ActiveCfg = Debug|Win32
		{B1700AC1-5E53-43C6-8CCF-49DBD80453E6}.Debug|Win32.Build.0 = Debug|Win32
		{B1700AC1-5E53-43C6-8CCF-49DBD80453E6}.Debug|Win32.Deploy.0 = Debug|Win32
		{B1700AC1-5E53-43C6-8CCF-49DBD80453E6}.Debug|x64.ActiveCfg = Debug|x64
		{B1700AC1-5E53-43C6-8CCF-49DBD80453E6}.Debug|x64.Build.0 = Debug|x64
		{B1700AC1-5E53-43C6-8CCF-49DBD80453E6}.Debug|x64.Deploy.0 = Debug|x64
		{B1700AC1-5E53-43C6-8CCF-49DBD80453E6}.Release|Win32.ActiveCfg = Release|Win32
		{B1700AC1-5E53-43C6-8CCF-49DBD80453E6}.Release|Win32.Build.0 = Release|Win32
		{B1700AC1-5E53-43C6-8CCF-49DBD80453E6}.Release|Win32.Deploy.0 = Release|Win32
		{B1700AC1-5E53-43C6-8CCF-49DBD80453E6}.Release|x64.ActiveCfg = Release|x64
		{B1700AC1-5E53-43C6-8CCF-49DBD80453E6}.Release|x64.Build.0 = Release|x64
		{B1700AC1-5E53-43C6-8CCF-49DBD80453E6}.Release|x64.Deploy.0 = Release|x64
		{D74629AA-4369-4715-8AEC-BC5EA5293C35}.Debug|Win32.ActiveCfg = Debug|Win32
		{D74629AA-4369-4715-8AEC-BC5EA5293C35}.Debug|Win32.Build.0 = Debug|Win32
		{D74629AA-4369-4715-8AEC-BC5EA5293C35}.Debug|Win32.Deploy.0 = Debug|Win32
		{D74629AA-4369-4715-8AEC-BC5EA5293C35}.Debug|x64.ActiveCfg = Debug|x64
		{D74629AA-4369-4715-8AEC-BC5EA5293C35}.Debug|x64.Build.0 = Debug|x64
		{D74629AA-4369-4715-8AEC-BC5EA5293C35}.Debug|x64.Deploy.0 = Debug|x64
		{D74629AA-4369-4715-8AEC-BC5EA5293C35}.Release|Win32.ActiveCfg = Release|Win32
		{D74629AA-4369-4715-8AEC-BC5EA5293C35}.Release|Win32.Build.0 = Release|Win32
		{D74629AA-4369-4715-8AEC-BC5EA5293C35}.Release|Win32.Deploy.0 = Release|Win32
		{D74629AA-4369-4715-8AEC-BC5EA5293C35}.Release|x64.ActiveCfg = Release|x64
		{D74629AA-4369-4715-8AEC-BC5EA5293C35}.Release|x64.Build.0 = Release|x64
		{D74629AA-4369-4715-8AEC-BC5EA5293C35}.Release|x64.Deploy.0 = Release|x64
		{BE1AD739-1A13-4669-9184-13F93CB858DB}.Debug|Win32.ActiveCfg = Debug|Win32
		{BE1AD739-1A13-4669-9184-13F93CB858DB}.Debug|Win32.Build.0 = Debug|Win32
		{BE1AD739-1A13-4669-9184-13F93CB858DB}.Debug|Win32.Deploy.0 = Debug|Win32
		{BE1AD739-1A13-4669-9184-13F93CB858DB}.Debug|x64.ActiveCfg = Debug|x64
		{BE1AD739-1A13-4669-9184-13F93CB858DB}.Debug|x64.Build.0 = Debug|x64
		{BE1AD739-1A13-4669-9184-13F93CB858DB}.Debug|x64.Deploy.0 = Debug|x64
		{BE1AD739-1A13-4669-9184-13F93CB858DB}.Release|Win32.ActiveCfg = Release|Win32
		{BE1AD739-1A13-4669-9184-13F93CB858DB}.Release|Win32.Build.0 = Release|Win32
		{BE1AD739-1A13-4669-9184-13F93CB858DB}.Release|Win32.Deploy.0 = Release|Win32
		{BE1AD739-1A13-4669-9184-13F93CB858DB}.Release|x64.ActiveCfg = Release|x64
		{BE1AD739-1A13-4669-9184-13F93CB858DB}.Release|x64.Build.0 = Release|x64
		{BE1AD739-1A13-4669-9184-13F93CB858DB}.Release|x64.Deploy.0 = Release|x64
		{F9DC4558-4F3A-45A4-9ECD-4DCE6321F78E}.Debug|Win32.ActiveCfg = Debug|Win32
		{F9DC4558-4F3A-45A4-9ECD-4DCE6321F78E}.Debug|Win32.Build.0 = Debug|Win32
		{F9DC4558-4F3A-45A4-9ECD-4DCE6321F78E}.Debug|Win32.Deploy.0 = Debug|Win32
		{F9DC4558-4F3A-45A4-9ECD-4DCE6321F78E}.Debug|x64.ActiveCfg = Debug|x64
		{F9DC4558-4F3A-45A4-9ECD-4DCE6321F78E}.Debug|x64.Build.0 = Debug|x64
		{F9DC4558-4F3A-45A4-9ECD-4DCE6321F78E}.Debug|x64.Deploy.0 = Debug|x64
		{F9DC4558-4F3A-45A4-9ECD-4DCE6321F78E}.Release|Win32.ActiveCfg = Release|Win32
		{F9DC4558-4F3A-45A4-9ECD-4DCE6321F78E}.Release|Win32.Build.0 = Release|Win32
		{F9DC4558-4F3A-45A4-9ECD-4DCE6321F78E}.Release|Win32.Deploy.0 = Release|Win32
		{F9DC4558-4F3A-45A4-9ECD-4DCE6321F78E}.Release|x64.ActiveCfg = Release|x64
		{F9DC4558-4F3A-45A4-9ECD-4DCE6321F78E}.Release|x64.Build.0 = Release|x64
		{F9DC4558-4F3A-45A4-9ECD-4DCE6321F78E}.Release|x64.Deploy.0 = Release|x64
		{0B4DB168-03B1-4B52-92A4-4A5ECEBF5F94}.Debug|Win32.ActiveCfg = Debug|Win32
		{0B4DB168-03B1-4B52-92A4-4A5ECEBF5F94}.Debug|Win32.Build.0 = Debug|Win32
		{0B4DB168-03B1-4B52-92A4-4A5ECEBF5F94}.Debug|Win32.Deploy.0 = Debug|Win32
		{0B4DB168-03B1-4B52-92A4-4A5ECEBF5F94}.Debug|x64.ActiveCfg = Debug|x64
		{0B4DB168-03B1-4B52-92A4-4A5ECEBF5F94}.Debug|x64.Build.0 = Debug|x64
		{0B4DB168-03B1-4B52-92A4-4A5ECEBF5F94}.Debug|x64.Deploy.0 = Debug|x64
		{0B4DB168-03B1-4B52-92A4-4A5ECEBF5F94}.Release|Win32.ActiveCfg = Release|Win32
		{0B4DB168-03B1-4B52-92A4-4A5ECEBF5F94}.Release|Win32.Build.0 = Release|Win32
		{0B4DB168-03B1-4B52-92A4-4A5ECEBF5F94}.Release|Win32.Deploy.0 = Release|Win32
		{0B4DB168-03B1-4B52-92A4-4A5ECEBF5F94}.Release|x64.ActiveCfg = Release|x64
		{0B4DB168-03B1-4B52-92A4-4A5ECEBF5F94}.Release|x64.Build.0 = Release|x64
		{0B4DB168-03B1-4B52-92A4-4A5ECEBF5F94}.Release|x64.Deploy.0 = Release|x64
		{B4DDADB7-1244-46D5-830A-B6349220F95F}.Debug|Win32.ActiveCfg = Debug|Win32
		{B4DDADB7-1244-46D5-830A-B6349220F95F}.Debug|Win32.Build.0 = Debug|Win32
		{B4DDADB7-1244-46D5-830A-B6349220F95F}.Debug|Win32.Deploy.0 = Debug|Win32
		{B4DDADB7-1244-46D5-830A-B6349220F95F}.Debug|x64.ActiveCfg = Debug|x64
		{B4DDADB7-1244-46D5-830A-B6349220F95F}.Debug|x64.Build.0 = Debug|x64
		{B4DDADB7-1244-46D5-830A-B6349220F95F}.Debug|x64.Deploy.0 = Debug|x64
		{B4DDADB7-1244-46D5-830A-B6349220F95F}.Release|Win32.ActiveCfg = Release|Win32
		{B4DDADB7-1244-46D5-830A-B6349220F95F}.Release|Win32.Build.0 = Release|Win32
		{B4DDADB7-1244-46D5-830A-B6349220F95F}.Release|Win32.Deploy.0 = Release|Win32
		{B4DDADB7-1244-46D5-830A-B6349220F95F}.Release|x64.ActiveCfg = Release|x64
		{B4DDADB7-1244-46D5-830A-B6349220F95F}.Release|x64.Build.0 = Release|x64
		{B4DDADB7-1244-46D5-830A-B6349220F95F}.Release|x64.Deploy.0 = Release|x64
	EndGlobalSection
	GlobalSection(SolutionProperties) = preSolution
		HideSolutionNode = FALSE
	EndGlobalSection
EndGlobal
