
Microsoft Visual Studio Solution File, Format Version 11.00
# Visual Studio Version 16
Project("{8BC9CEB8-8B4A-11D0-8D11-00A0C91BC942}") = "3d", "3d.vcxproj", "{6A852B77-216D-41A6-A650-680F5DC9984D}"
EndProject
Project("{8BC9CEB8-8B4A-11D0-8D11-00A0C91BC942}") = "3d_multi", "3d_multi.vcxproj", "{E8224494-515A-4D0E-AF94-197F42AC4057}"
EndProject
Project("{8BC9CEB8-8B4A-11D0-8D11-00A0C91BC942}") = "event_parameter", "event_parameter.vcxproj", "{4BD0F3D8-01BF-4BFF-AE77-59A744104198}"
EndProject
Project("{8BC9CEB8-8B4A-11D0-8D11-00A0C91BC942}") = "load_banks", "load_banks.vcxproj", "{27149B98-AFF3-42D7-A532-3C0273BD70C3}"
EndProject
Project("{8BC9CEB8-8B4A-11D0-8D11-00A0C91BC942}") = "music_callbacks", "music_callbacks.vcxproj", "{8CCF931D-3D9B-4CCC-8E17-97D31D41689C}"
EndProject
Project("{8BC9CEB8-8B4A-11D0-8D11-00A0C91BC942}") = "objectpan", "objectpan.vcxproj", "{0576CE16-45E5-4904-87D3-E4FF23C09F14}"
EndProject
Project("{8BC9CEB8-8B4A-11D0-8D11-00A0C91BC942}") = "programmer_sound", "programmer_sound.vcxproj", "{3D065ADB-607F-491D-AD48-260911D98FA8}"
EndProject
Project("{8BC9CEB8-8B4A-11D0-8D11-00A0C91BC942}") = "recording_playback", "recording_playback.vcxproj", "{D0FBFAF6-A445-41DC-890B-5606C158A536}"
EndProject
Project("{8BC9CEB8-8B4A-11D0-8D11-00A0C91BC942}") = "simple_event", "simple_event.vcxproj", "{0CA92CE4-234C-4893-8620-92546D6CF6FA}"
EndProject
Global
	GlobalSection(SolutionConfigurationPlatforms) = preSolution
		Debug|Win32 = Debug|Win32
		Debug|x64 = Debug|x64
		Release|Win32 = Release|Win32
		Release|x64 = Release|x64
	EndGlobalSection
	GlobalSection(ProjectConfigurationPlatforms) = postSolution
		{6A852B77-216D-41A6-A650-680F5DC9984D}.Debug|Win32.ActiveCfg = Debug|Win32
		{6A852B77-216D-41A6-A650-680F5DC9984D}.Debug|Win32.Build.0 = Debug|Win32
		{6A852B77-216D-41A6-A650-680F5DC9984D}.Debug|Win32.Deploy.0 = Debug|Win32
		{6A852B77-216D-41A6-A650-680F5DC9984D}.Debug|x64.ActiveCfg = Debug|x64
		{6A852B77-216D-41A6-A650-680F5DC9984D}.Debug|x64.Build.0 = Debug|x64
		{6A852B77-216D-41A6-A650-680F5DC9984D}.Debug|x64.Deploy.0 = Debug|x64
		{6A852B77-216D-41A6-A650-680F5DC9984D}.Release|Win32.ActiveCfg = Release|Win32
		{6A852B77-216D-41A6-A650-680F5DC9984D}.Release|Win32.Build.0 = Release|Win32
		{6A852B77-216D-41A6-A650-680F5DC9984D}.Release|Win32.Deploy.0 = Release|Win32
		{6A852B77-216D-41A6-A650-680F5DC9984D}.Release|x64.ActiveCfg = Release|x64
		{6A852B77-216D-41A6-A650-680F5DC9984D}.Release|x64.Build.0 = Release|x64
		{6A852B77-216D-41A6-A650-680F5DC9984D}.Release|x64.Deploy.0 = Release|x64
		{E8224494-515A-4D0E-AF94-197F42AC4057}.Debug|Win32.ActiveCfg = Debug|Win32
		{E8224494-515A-4D0E-AF94-197F42AC4057}.Debug|Win32.Build.0 = Debug|Win32
		{E8224494-515A-4D0E-AF94-197F42AC4057}.Debug|Win32.Deploy.0 = Debug|Win32
		{E8224494-515A-4D0E-AF94-197F42AC4057}.Debug|x64.ActiveCfg = Debug|x64
		{E8224494-515A-4D0E-AF94-197F42AC4057}.Debug|x64.Build.0 = Debug|x64
		{E8224494-515A-4D0E-AF94-197F42AC4057}.Debug|x64.Deploy.0 = Debug|x64
		{E8224494-515A-4D0E-AF94-197F42AC4057}.Release|Win32.ActiveCfg = Release|Win32
		{E8224494-515A-4D0E-AF94-197F42AC4057}.Release|Win32.Build.0 = Release|Win32
		{E8224494-515A-4D0E-AF94-197F42AC4057}.Release|Win32.Deploy.0 = Release|Win32
		{E8224494-515A-4D0E-AF94-197F42AC4057}.Release|x64.ActiveCfg = Release|x64
		{E8224494-515A-4D0E-AF94-197F42AC4057}.Release|x64.Build.0 = Release|x64
		{E8224494-515A-4D0E-AF94-197F42AC4057}.Release|x64.Deploy.0 = Release|x64
		{4BD0F3D8-01BF-4BFF-AE77-59A744104198}.Debug|Win32.ActiveCfg = Debug|Win32
		{4BD0F3D8-01BF-4BFF-AE77-59A744104198}.Debug|Win32.Build.0 = Debug|Win32
		{4BD0F3D8-01BF-4BFF-AE77-59A744104198}.Debug|Win32.Deploy.0 = Debug|Win32
		{4BD0F3D8-01BF-4BFF-AE77-59A744104198}.Debug|x64.ActiveCfg = Debug|x64
		{4BD0F3D8-01BF-4BFF-AE77-59A744104198}.Debug|x64.Build.0 = Debug|x64
		{4BD0F3D8-01BF-4BFF-AE77-59A744104198}.Debug|x64.Deploy.0 = Debug|x64
		{4BD0F3D8-01BF-4BFF-AE77-59A744104198}.Release|Win32.ActiveCfg = Release|Win32
		{4BD0F3D8-01BF-4BFF-AE77-59A744104198}.Release|Win32.Build.0 = Release|Win32
		{4BD0F3D8-01BF-4BFF-AE77-59A744104198}.Release|Win32.Deploy.0 = Release|Win32
		{4BD0F3D8-01BF-4BFF-AE77-59A744104198}.Release|x64.ActiveCfg = Release|x64
		{4BD0F3D8-01BF-4BFF-AE77-59A744104198}.Release|x64.Build.0 = Release|x64
		{4BD0F3D8-01BF-4BFF-AE77-59A744104198}.Release|x64.Deploy.0 = Release|x64
		{27149B98-AFF3-42D7-A532-3C0273BD70C3}.Debug|Win32.ActiveCfg = Debug|Win32
		{27149B98-AFF3-42D7-A532-3C0273BD70C3}.Debug|Win32.Build.0 = Debug|Win32
		{27149B98-AFF3-42D7-A532-3C0273BD70C3}.Debug|Win32.Deploy.0 = Debug|Win32
		{27149B98-AFF3-42D7-A532-3C0273BD70C3}.Debug|x64.ActiveCfg = Debug|x64
		{27149B98-AFF3-42D7-A532-3C0273BD70C3}.Debug|x64.Build.0 = Debug|x64
		{27149B98-AFF3-42D7-A532-3C0273BD70C3}.Debug|x64.Deploy.0 = Debug|x64
		{27149B98-AFF3-42D7-A532-3C0273BD70C3}.Release|Win32.ActiveCfg = Release|Win32
		{27149B98-AFF3-42D7-A532-3C0273BD70C3}.Release|Win32.Build.0 = Release|Win32
		{27149B98-AFF3-42D7-A532-3C0273BD70C3}.Release|Win32.Deploy.0 = Release|Win32
		{27149B98-AFF3-42D7-A532-3C0273BD70C3}.Release|x64.ActiveCfg = Release|x64
		{27149B98-AFF3-42D7-A532-3C0273BD70C3}.Release|x64.Build.0 = Release|x64
		{27149B98-AFF3-42D7-A532-3C0273BD70C3}.Release|x64.Deploy.0 = Release|x64
		{8CCF931D-3D9B-4CCC-8E17-97D31D41689C}.Debug|Win32.ActiveCfg = Debug|Win32
		{8CCF931D-3D9B-4CCC-8E17-97D31D41689C}.Debug|Win32.Build.0 = Debug|Win32
		{8CCF931D-3D9B-4CCC-8E17-97D31D41689C}.Debug|Win32.Deploy.0 = Debug|Win32
		{8CCF931D-3D9B-4CCC-8E17-97D31D41689C}.Debug|x64.ActiveCfg = Debug|x64
		{8CCF931D-3D9B-4CCC-8E17-97D31D41689C}.Debug|x64.Build.0 = Debug|x64
		{8CCF931D-3D9B-4CCC-8E17-97D31D41689C}.Debug|x64.Deploy.0 = Debug|x64
		{8CCF931D-3D9B-4CCC-8E17-97D31D41689C}.Release|Win32.ActiveCfg = Release|Win32
		{8CCF931D-3D9B-4CCC-8E17-97D31D41689C}.Release|Win32.Build.0 = Release|Win32
		{8CCF931D-3D9B-4CCC-8E17-97D31D41689C}.Release|Win32.Deploy.0 = Release|Win32
		{8CCF931D-3D9B-4CCC-8E17-97D31D41689C}.Release|x64.ActiveCfg = Release|x64
		{8CCF931D-3D9B-4CCC-8E17-97D31D41689C}.Release|x64.Build.0 = Release|x64
		{8CCF931D-3D9B-4CCC-8E17-97D31D41689C}.Release|x64.Deploy.0 = Release|x64
		{0576CE16-45E5-4904-87D3-E4FF23C09F14}.Debug|Win32.ActiveCfg = Debug|Win32
		{0576CE16-45E5-4904-87D3-E4FF23C09F14}.Debug|Win32.Build.0 = Debug|Win32
		{0576CE16-45E5-4904-87D3-E4FF23C09F14}.Debug|Win32.Deploy.0 = Debug|Win32
		{0576CE16-45E5-4904-87D3-E4FF23C09F14}.Debug|x64.ActiveCfg = Debug|x64
		{0576CE16-45E5-4904-87D3-E4FF23C09F14}.Debug|x64.Build.0 = Debug|x64
		{0576CE16-45E5-4904-87D3-E4FF23C09F14}.Debug|x64.Deploy.0 = Debug|x64
		{0576CE16-45E5-4904-87D3-E4FF23C09F14}.Release|Win32.ActiveCfg = Release|Win32
		{0576CE16-45E5-4904-87D3-E4FF23C09F14}.Release|Win32.Build.0 = Release|Win32
		{0576CE16-45E5-4904-87D3-E4FF23C09F14}.Release|Win32.Deploy.0 = Release|Win32
		{0576CE16-45E5-4904-87D3-E4FF23C09F14}.Release|x64.ActiveCfg = Release|x64
		{0576CE16-45E5-4904-87D3-E4FF23C09F14}.Release|x64.Build.0 = Release|x64
		{0576CE16-45E5-4904-87D3-E4FF23C09F14}.Release|x64.Deploy.0 = Release|x64
		{3D065ADB-607F-491D-AD48-260911D98FA8}.Debug|Win32.ActiveCfg = Debug|Win32
		{3D065ADB-607F-491D-AD48-260911D98FA8}.Debug|Win32.Build.0 = Debug|Win32
		{3D065ADB-607F-491D-AD48-260911D98FA8}.Debug|Win32.Deploy.0 = Debug|Win32
		{3D065ADB-607F-491D-AD48-260911D98FA8}.Debug|x64.ActiveCfg = Debug|x64
		{3D065ADB-607F-491D-AD48-260911D98FA8}.Debug|x64.Build.0 = Debug|x64
		{3D065ADB-607F-491D-AD48-260911D98FA8}.Debug|x64.Deploy.0 = Debug|x64
		{3D065ADB-607F-491D-AD48-260911D98FA8}.Release|Win32.ActiveCfg = Release|Win32
		{3D065ADB-607F-491D-AD48-260911D98FA8}.Release|Win32.Build.0 = Release|Win32
		{3D065ADB-607F-491D-AD48-260911D98FA8}.Release|Win32.Deploy.0 = Release|Win32
		{3D065ADB-607F-491D-AD48-260911D98FA8}.Release|x64.ActiveCfg = Release|x64
		{3D065ADB-607F-491D-AD48-260911D98FA8}.Release|x64.Build.0 = Release|x64
		{3D065ADB-607F-491D-AD48-260911D98FA8}.Release|x64.Deploy.0 = Release|x64
		{D0FBFAF6-A445-41DC-890B-5606C158A536}.Debug|Win32.ActiveCfg = Debug|Win32
		{D0FBFAF6-A445-41DC-890B-5606C158A536}.Debug|Win32.Build.0 = Debug|Win32
		{D0FBFAF6-A445-41DC-890B-5606C158A536}.Debug|Win32.Deploy.0 = Debug|Win32
		{D0FBFAF6-A445-41DC-890B-5606C158A536}.Debug|x64.ActiveCfg = Debug|x64
		{D0FBFAF6-A445-41DC-890B-5606C158A536}.Debug|x64.Build.0 = Debug|x64
		{D0FBFAF6-A445-41DC-890B-5606C158A536}.Debug|x64.Deploy.0 = Debug|x64
		{D0FBFAF6-A445-41DC-890B-5606C158A536}.Release|Win32.ActiveCfg = Release|Win32
		{D0FBFAF6-A445-41DC-890B-5606C158A536}.Release|Win32.Build.0 = Release|Win32
		{D0FBFAF6-A445-41DC-890B-5606C158A536}.Release|Win32.Deploy.0 = Release|Win32
		{D0FBFAF6-A445-41DC-890B-5606C158A536}.Release|x64.ActiveCfg = Release|x64
		{D0FBFAF6-A445-41DC-890B-5606C158A536}.Release|x64.Build.0 = Release|x64
		{D0FBFAF6-A445-41DC-890B-5606C158A536}.Release|x64.Deploy.0 = Release|x64
		{0CA92CE4-234C-4893-8620-92546D6CF6FA}.Debug|Win32.ActiveCfg = Debug|Win32
		{0CA92CE4-234C-4893-8620-92546D6CF6FA}.Debug|Win32.Build.0 = Debug|Win32
		{0CA92CE4-234C-4893-8620-92546D6CF6FA}.Debug|Win32.Deploy.0 = Debug|Win32
		{0CA92CE4-234C-4893-8620-92546D6CF6FA}.Debug|x64.ActiveCfg = Debug|x64
		{0CA92CE4-234C-4893-8620-92546D6CF6FA}.Debug|x64.Build.0 = Debug|x64
		{0CA92CE4-234C-4893-8620-92546D6CF6FA}.Debug|x64.Deploy.0 = Debug|x64
		{0CA92CE4-234C-4893-8620-92546D6CF6FA}.Release|Win32.ActiveCfg = Release|Win32
		{0CA92CE4-234C-4893-8620-92546D6CF6FA}.Release|Win32.Build.0 = Release|Win32
		{0CA92CE4-234C-4893-8620-92546D6CF6FA}.Release|Win32.Deploy.0 = Release|Win32
		{0CA92CE4-234C-4893-8620-92546D6CF6FA}.Release|x64.ActiveCfg = Release|x64
		{0CA92CE4-234C-4893-8620-92546D6CF6FA}.Release|x64.Build.0 = Release|x64
		{0CA92CE4-234C-4893-8620-92546D6CF6FA}.Release|x64.Deploy.0 = Release|x64
	EndGlobalSection
	GlobalSection(SolutionProperties) = preSolution
		HideSolutionNode = FALSE
	EndGlobalSection
EndGlobal
